<?xml version="1.0" encoding="utf-8"?>
<Project ToolsVersion="4.0" xmlns="http://schemas.microsoft.com/developer/msbuild/2003">
  <ItemGroup>
    <Filter Include="Source Files">
      <UniqueIdentifier>{4FC737F1-C7A5-4376-A066-2A32D752A2FF}</UniqueIdentifier>
      <Extensions>cpp;c;cc;cxx;def;odl;idl;hpj;bat;asm;asmx</Extensions>
    </Filter>
    <Filter Include="Header Files">
      <UniqueIdentifier>{93995380-89BD-4b04-88EB-625FBE52EBFB}</UniqueIdentifier>
      <Extensions>h;hh;hpp;hxx;hm;inl;inc;ipp;xsd</Extensions>
    </Filter>
    <Filter Include="Resource Files">
      <UniqueIdentifier>{67DA6AB6-F800-4c08-8B7A-83BB121AAD01}</UniqueIdentifier>
      <Extensions>rc;ico;cur;bmp;dlg;rc2;rct;bin;rgs;gif;jpg;jpeg;jpe;resx;tiff;tif;png;wav;mfcribbon-ms</Extensions>
    </Filter>
    <Filter Include="Header Files\AIMPSDK">
      <UniqueIdentifier>{d2633da3-bc30-445e-aa2e-c6126b6d446c}</UniqueIdentifier>
    </Filter>
  </ItemGroup>
  <ItemGroup>
    <ClInclude Include="AIMPSDK\AIMPSDK.h">
      <Filter>Header Files</Filter>
    </ClInclude>
    <ClInclude Include="SDK\AimpConfig.h">
      <Filter>Header Files</Filter>
    </ClInclude>
    <ClInclude Include="SDK\AimpConverter.h">
      <Filter>Header Files</Filter>
    </ClInclude>
    <ClInclude Include="SDK\AimpCore.h">
      <Filter>Header Files</Filter>
    </ClInclude>
    <ClInclude Include="SDK\AimpExtensionBase.h">
      <Filter>Header Files</Filter>
    </ClInclude>
    <ClInclude Include="SDK\AimpObject.h">
      <Filter>Header Files</Filter>
    </ClInclude>
    <ClInclude Include="SDK\AimpObjectList.h">
      <Filter>Header Files</Filter>
    </ClInclude>
    <ClInclude Include="SDK\AimpPlayer.h">
      <Filter>Header Files</Filter>
    </ClInclude>
    <ClInclude Include="SDK\AimpPropertyList.h">
      <Filter>Header Files</Filter>
    </ClInclude>
    <ClInclude Include="SDK\AimpStream.h">
      <Filter>Header Files</Filter>
    </ClInclude>
    <ClInclude Include="SDK\AimpString.h">
      <Filter>Header Files</Filter>
    </ClInclude>
    <ClInclude Include="SDK\BaseManager.h">
      <Filter>Header Files</Filter>
    </ClInclude>
    <ClInclude Include="SDK\ManagedAimpCore.h">
      <Filter>Header Files</Filter>
    </ClInclude>
    <ClInclude Include="SDK\PropertyListHelper.h">
      <Filter>Header Files</Filter>
    </ClInclude>
    <ClInclude Include="SDK\Action\AimpAction.h">
      <Filter>Header Files</Filter>
    </ClInclude>
    <ClInclude Include="SDK\Action\AimpActionEvent.h">
      <Filter>Header Files</Filter>
    </ClInclude>
    <ClInclude Include="SDK\Action\AimpServiceActionManager.h">
      <Filter>Header Files</Filter>
    </ClInclude>
    <ClInclude Include="SDK\AlbumArt\AimpAlbumArtSearchOptions.h">
      <Filter>Header Files</Filter>
    </ClInclude>
    <ClInclude Include="SDK\AlbumArt\AimpExtensionAlbumArtCatalog.h">
      <Filter>Header Files</Filter>
    </ClInclude>
    <ClInclude Include="SDK\AlbumArt\AimpExtensionAlbumArtProvider.h">
      <Filter>Header Files</Filter>
    </ClInclude>
    <ClInclude Include="SDK\AlbumArt\AimpServiceAlbumArt.h">
      <Filter>Header Files</Filter>
    </ClInclude>
    <ClInclude Include="SDK\AlbumArt\AimpServiceAlbumArtCache.h">
      <Filter>Header Files</Filter>
    </ClInclude>
    <ClInclude Include="SDK\Configuration\AimpConfigurationManager.h">
      <Filter>Header Files</Filter>
    </ClInclude>
    <ClInclude Include="SDK\FileManager\AimpFileInfo.h">
      <Filter>Header Files</Filter>
    </ClInclude>
    <ClInclude Include="SDK\FileManager\AimpServiceFileFormats.h">
      <Filter>Header Files</Filter>
    </ClInclude>
    <ClInclude Include="SDK\FileManager\AimpServiceFileInfo.h">
      <Filter>Header Files</Filter>
    </ClInclude>
    <ClInclude Include="SDK\FileManager\AimpServiceFileInfoFormatter.h">
      <Filter>Header Files</Filter>
    </ClInclude>
    <ClInclude Include="SDK\FileManager\AimpServiceFileStreaming.h">
      <Filter>Header Files</Filter>
    </ClInclude>
    <ClInclude Include="SDK\FileManager\AimpServiceFileSystems.h">
      <Filter>Header Files</Filter>
    </ClInclude>
    <ClInclude Include="SDK\FileManager\AimpVirtualFile.h">
      <Filter>Header Files</Filter>
    </ClInclude>
    <ClInclude Include="SDK\FileManager\InternalAimpExtensionFileInfoProvider.h">
      <Filter>Header Files</Filter>
    </ClInclude>
    <ClInclude Include="SDK\FileManager\InternalAimpExtensionFileSystem.h">
      <Filter>Header Files</Filter>
    </ClInclude>
    <ClInclude Include="SDK\FileManager\Commands\AimpFileSystemCommandCopyToClipboard.h">
      <Filter>Header Files</Filter>
    </ClInclude>
    <ClInclude Include="SDK\FileManager\Commands\AimpFileSystemCommandDelete.h">
      <Filter>Header Files</Filter>
    </ClInclude>
    <ClInclude Include="SDK\FileManager\Commands\AimpFileSystemCommandDropSource.h">
      <Filter>Header Files</Filter>
    </ClInclude>
    <ClInclude Include="SDK\FileManager\Commands\AimpFileSystemCommandFileInfo.h">
      <Filter>Header Files</Filter>
    </ClInclude>
    <ClInclude Include="SDK\FileManager\Commands\AimpFileSystemCommandOpenFileFolder.h">
      <Filter>Header Files</Filter>
    </ClInclude>
    <ClInclude Include="SDK\FileManager\Commands\AimpFileSystemCommandStreaming.h">
      <Filter>Header Files</Filter>
    </ClInclude>
    <ClInclude Include="SDK\FileManager\Commands\Stdafx.h">
      <Filter>Header Files</Filter>
    </ClInclude>
    <ClInclude Include="SDK\FileManager\Commands\Internal\InternalAimpFileSystemCommandCopyToClipboard.h">
      <Filter>Header Files</Filter>
    </ClInclude>
    <ClInclude Include="SDK\FileManager\Commands\Internal\InternalAimpFileSystemCommandDelete.h">
      <Filter>Header Files</Filter>
    </ClInclude>
    <ClInclude Include="SDK\FileManager\Commands\Internal\InternalAimpFileSystemCommandDropSource.h">
      <Filter>Header Files</Filter>
    </ClInclude>
    <ClInclude Include="SDK\FileManager\Commands\Internal\InternalAimpFileSystemCommandFileInfo.h">
      <Filter>Header Files</Filter>
    </ClInclude>
    <ClInclude Include="SDK\FileManager\Commands\Internal\InternalAimpFileSystemCommandOpenFileFolder.h">
      <Filter>Header Files</Filter>
    </ClInclude>
    <ClInclude Include="SDK\FileManager\Commands\Internal\InternalAimpFileSystemCommandStreaming.h">
      <Filter>Header Files</Filter>
    </ClInclude>
    <ClInclude Include="SDK\FileManager\Commands\Internal\InternalAimpFileSystemCustomFileCommand.h">
      <Filter>Header Files</Filter>
    </ClInclude>
    <ClInclude Include="SDK\FileManager\Commands\Internal\Stdafx.h">
      <Filter>Header Files</Filter>
    </ClInclude>
    <ClInclude Include="SDK\Lyrics\AimpLyrics.h">
      <Filter>Header Files</Filter>
    </ClInclude>
    <ClInclude Include="SDK\Lyrics\AimpServiceLyrics.h">
      <Filter>Header Files</Filter>
    </ClInclude>
    <ClInclude Include="SDK\Menu\AimpMenuItem.h">
      <Filter>Header Files</Filter>
    </ClInclude>
    <ClInclude Include="SDK\Menu\AimpServiceMenuManager.h">
      <Filter>Header Files</Filter>
    </ClInclude>
    <ClInclude Include="SDK\MessageDispatcher\AimpServiceMessageDispatcher.h">
      <Filter>Header Files</Filter>
    </ClInclude>
    <ClInclude Include="SDK\MessageDispatcher\InternalAimpMessageHook.h">
      <Filter>Header Files</Filter>
    </ClInclude>
    <ClInclude Include="SDK\MUI\AimpMIUManager.h">
      <Filter>Header Files</Filter>
    </ClInclude>
    <ClInclude Include="SDK\MUI\AimpServiceMUI.h">
      <Filter>Header Files</Filter>
    </ClInclude>
    <ClInclude Include="SDK\MusicLibrary\AimpDataField.h">
      <Filter>Header Files</Filter>
    </ClInclude>
    <ClInclude Include="SDK\MusicLibrary\AimpDataFieldFilter.h">
      <Filter>Header Files</Filter>
    </ClInclude>
    <ClInclude Include="SDK\MusicLibrary\AimpDataFieldFilterByArray.h">
      <Filter>Header Files</Filter>
    </ClInclude>
    <ClInclude Include="SDK\MusicLibrary\AimpDataFilter.h">
      <Filter>Header Files</Filter>
    </ClInclude>
    <ClInclude Include="SDK\MusicLibrary\AimpDataFilterGroup.h">
      <Filter>Header Files</Filter>
    </ClInclude>
    <ClInclude Include="SDK\MusicLibrary\AimpDataStorage.h">
      <Filter>Header Files</Filter>
    </ClInclude>
    <ClInclude Include="SDK\MusicLibrary\AimpDataStorageManager.h">
      <Filter>Header Files</Filter>
    </ClInclude>
    <ClInclude Include="SDK\MusicLibrary\AimpExtensionDataStorage.h">
      <Filter>Header Files</Filter>
    </ClInclude>
    <ClInclude Include="SDK\MusicLibrary\AimpFileList.h">
      <Filter>Header Files</Filter>
    </ClInclude>
    <ClInclude Include="SDK\MusicLibrary\AimpGroupingPreset.h">
      <Filter>Header Files</Filter>
    </ClInclude>
    <ClInclude Include="SDK\MusicLibrary\AimpGroupingPresets.h">
      <Filter>Header Files</Filter>
    </ClInclude>
    <ClInclude Include="SDK\MusicLibrary\AimpGroupingPresetStandard.h">
      <Filter>Header Files</Filter>
    </ClInclude>
    <ClInclude Include="SDK\MusicLibrary\AimpGroupingTreeSelection.h">
      <Filter>Header Files</Filter>
    </ClInclude>
    <ClInclude Include="SDK\MusicLibrary\AimpServiceMusicLibrary.h">
      <Filter>Header Files</Filter>
    </ClInclude>
    <ClInclude Include="SDK\MusicLibrary\AimpServiceMusicLibraryUI.h">
      <Filter>Header Files</Filter>
    </ClInclude>
    <ClInclude Include="SDK\MusicLibrary\InternalAimpDataFilter.h">
      <Filter>Header Files</Filter>
    </ClInclude>
    <ClInclude Include="SDK\MusicLibrary\InternalAimpDataFilterGroup.h">
      <Filter>Header Files</Filter>
    </ClInclude>
    <ClInclude Include="SDK\MusicLibrary\InternalAimpDataProviderSelection.h">
      <Filter>Header Files</Filter>
    </ClInclude>
    <ClInclude Include="SDK\MusicLibrary\InternalAimpGroupingTreeDataProvider.h">
      <Filter>Header Files</Filter>
    </ClInclude>
    <ClInclude Include="SDK\MusicLibrary\InternalAimpGroupingTreeDataProviderSelection.h">
      <Filter>Header Files</Filter>
    </ClInclude>
    <ClInclude Include="SDK\MusicLibrary\InternalAimpMusicLibraryPlaylistPreimage.h">
      <Filter>Header Files</Filter>
    </ClInclude>
    <ClInclude Include="SDK\Options\AimpOptionsDialogFrame.h">
      <Filter>Header Files</Filter>
    </ClInclude>
    <ClInclude Include="SDK\Options\AimpServiceOptionsDialog.h">
      <Filter>Header Files</Filter>
    </ClInclude>
    <ClInclude Include="SDK\Options\OptionsDialogFrameExtension.h">
      <Filter>Header Files</Filter>
    </ClInclude>
    <ClInclude Include="SDK\Playback\AimpPlaybackQueueItem.h">
      <Filter>Header Files</Filter>
    </ClInclude>
    <ClInclude Include="SDK\Playback\AimpServicePlaybackQueue.h">
      <Filter>Header Files</Filter>
    </ClInclude>
    <ClInclude Include="SDK\PlayList\AimpExtensionPlaylistManagerListener.h">
      <Filter>Header Files</Filter>
    </ClInclude>
    <ClInclude Include="SDK\PlayList\AimpExtensionPlaylistPreimageFactory.h">
      <Filter>Header Files</Filter>
    </ClInclude>
    <ClInclude Include="SDK\PlayList\AimpPlayList.h">
      <Filter>Header Files</Filter>
    </ClInclude>
    <ClInclude Include="SDK\PlayList\AimpPlayListGroup.h">
      <Filter>Header Files</Filter>
    </ClInclude>
    <ClInclude Include="SDK\PlayList\AimpPlayListItem.h">
      <Filter>Header Files</Filter>
    </ClInclude>
    <ClInclude Include="SDK\PlayList\AimpPlaylistPreimage.h">
      <Filter>Header Files</Filter>
    </ClInclude>
    <ClInclude Include="SDK\PlayList\AimpPlaylistPreimageFactory.h">
      <Filter>Header Files</Filter>
    </ClInclude>
    <ClInclude Include="SDK\PlayList\AimpPlaylistPreimageFolders.h">
      <Filter>Header Files</Filter>
    </ClInclude>
    <ClInclude Include="SDK\PlayList\AimpPlaylistPreimageListener.h">
      <Filter>Header Files</Filter>
    </ClInclude>
    <ClInclude Include="SDK\PlayList\AimpPlayListQueue.h">
      <Filter>Header Files</Filter>
    </ClInclude>
    <ClInclude Include="SDK\PlayList\AimpPlaylistQueueListener.h">
      <Filter>Header Files</Filter>
    </ClInclude>
    <ClInclude Include="SDK\PlayList\AimpServicePlaylistManager.h">
      <Filter>Header Files</Filter>
    </ClInclude>
    <ClInclude Include="SDK\PlayList\IPlayListQueueEventExecutor.h">
      <Filter>Header Files</Filter>
    </ClInclude>
    <ClInclude Include="SDK\PlayList\Internal\InternalAimpExtensionPlaylistPreimageFactory.h">
      <Filter>Header Files</Filter>
    </ClInclude>
    <ClInclude Include="SDK\PlayList\Internal\InternalAimpMLPlaylistPreimage.h">
      <Filter>Header Files</Filter>
    </ClInclude>
    <ClInclude Include="SDK\PlayList\Internal\InternalAimpPlaylistPreimage.h">
      <Filter>Header Files</Filter>
    </ClInclude>
    <ClInclude Include="SDK\TagEditor\AimpFileTag.h">
      <Filter>Header Files</Filter>
    </ClInclude>
    <ClInclude Include="SDK\TagEditor\AimpFileTagEditor.h">
      <Filter>Header Files</Filter>
    </ClInclude>
    <ClInclude Include="SDK\TagEditor\AimpServiceFileTagEditor.h">
      <Filter>Header Files</Filter>
    </ClInclude>
    <ClInclude Include="SDK\Threading\AimpServiceSynchronizer.h">
      <Filter>Header Files</Filter>
    </ClInclude>
    <ClInclude Include="SDK\Threading\AimpServiceThreadPool.h">
      <Filter>Header Files</Filter>
    </ClInclude>
    <ClInclude Include="SDK\Threading\AimpTaskOwner.h">
      <Filter>Header Files</Filter>
    </ClInclude>
    <ClInclude Include="SDK\Threading\InternalAimpTask.h">
      <Filter>Header Files</Filter>
    </ClInclude>
    <ClInclude Include="SDK\Visuals\AimpExtensionCustomVisualization.h">
      <Filter>Header Files</Filter>
    </ClInclude>
    <ClInclude Include="SDK\Visuals\AimpExtensionEmbeddedVisualization.h">
      <Filter>Header Files</Filter>
    </ClInclude>
    <ClInclude Include="SDK\Visuals\AimpServiceVisualizations.h">
      <Filter>Header Files</Filter>
    </ClInclude>
    <ClInclude Include="SDK\Win32\Win32Manager.h">
      <Filter>Header Files</Filter>
    </ClInclude>
    <ClInclude Include="AimpSdk.h">
      <Filter>Header Files</Filter>
    </ClInclude>
    <ClInclude Include="DotNetPlugin.h">
      <Filter>Header Files</Filter>
    </ClInclude>
    <ClInclude Include="IUnknownInterfaceImpl.h">
      <Filter>Header Files</Filter>
    </ClInclude>
    <ClInclude Include="resource.h">
      <Filter>Header Files</Filter>
    </ClInclude>
    <ClInclude Include="Stdafx.h">
      <Filter>Header Files</Filter>
    </ClInclude>
    <ClInclude Include="Utils.h">
      <Filter>Header Files</Filter>
    </ClInclude>
    <ClInclude Include="AIMPSDK\AIMP400\apiActions.h">
      <Filter>Header Files\AIMPSDK</Filter>
    </ClInclude>
    <ClInclude Include="AIMPSDK\AIMP400\apiAlbumArt.h">
      <Filter>Header Files\AIMPSDK</Filter>
    </ClInclude>
    <ClInclude Include="AIMPSDK\AIMP400\apiCore.h">
      <Filter>Header Files\AIMPSDK</Filter>
    </ClInclude>
    <ClInclude Include="AIMPSDK\AIMP400\apiDecoders.h">
      <Filter>Header Files\AIMPSDK</Filter>
    </ClInclude>
    <ClInclude Include="AIMPSDK\AIMP400\apiFileManager.h">
      <Filter>Header Files\AIMPSDK</Filter>
    </ClInclude>
    <ClInclude Include="AIMPSDK\AIMP400\apiGUI.h">
      <Filter>Header Files\AIMPSDK</Filter>
    </ClInclude>
    <ClInclude Include="AIMPSDK\AIMP400\apiInternet.h">
      <Filter>Header Files\AIMPSDK</Filter>
    </ClInclude>
    <ClInclude Include="AIMPSDK\AIMP400\apiLyrics.h">
      <Filter>Header Files\AIMPSDK</Filter>
    </ClInclude>
    <ClInclude Include="AIMPSDK\AIMP400\apiMenu.h">
      <Filter>Header Files\AIMPSDK</Filter>
    </ClInclude>
    <ClInclude Include="AIMPSDK\AIMP400\apiMessages.h">
      <Filter>Header Files\AIMPSDK</Filter>
    </ClInclude>
    <ClInclude Include="AIMPSDK\AIMP400\apiMUI.h">
      <Filter>Header Files\AIMPSDK</Filter>
    </ClInclude>
    <ClInclude Include="AIMPSDK\AIMP400\apiMusicLibrary.h">
      <Filter>Header Files\AIMPSDK</Filter>
    </ClInclude>
    <ClInclude Include="AIMPSDK\AIMP400\apiObjects.h">
      <Filter>Header Files\AIMPSDK</Filter>
    </ClInclude>
    <ClInclude Include="AIMPSDK\AIMP400\apiOptions.h">
      <Filter>Header Files\AIMPSDK</Filter>
    </ClInclude>
    <ClInclude Include="AIMPSDK\AIMP400\apiPlayer.h">
      <Filter>Header Files\AIMPSDK</Filter>
    </ClInclude>
    <ClInclude Include="AIMPSDK\AIMP400\apiPlaylists.h">
      <Filter>Header Files\AIMPSDK</Filter>
    </ClInclude>
    <ClInclude Include="AIMPSDK\AIMP400\apiPlugin.h">
      <Filter>Header Files\AIMPSDK</Filter>
    </ClInclude>
    <ClInclude Include="AIMPSDK\AIMP400\apiRemote.h">
      <Filter>Header Files\AIMPSDK</Filter>
    </ClInclude>
    <ClInclude Include="AIMPSDK\AIMP400\apiScheduler.h">
      <Filter>Header Files\AIMPSDK</Filter>
    </ClInclude>
    <ClInclude Include="AIMPSDK\AIMP400\apiSkins.h">
      <Filter>Header Files\AIMPSDK</Filter>
    </ClInclude>
    <ClInclude Include="AIMPSDK\AIMP400\apiTagEditor.h">
      <Filter>Header Files\AIMPSDK</Filter>
    </ClInclude>
    <ClInclude Include="AIMPSDK\AIMP400\apiThreading.h">
      <Filter>Header Files\AIMPSDK</Filter>
    </ClInclude>
    <ClInclude Include="AIMPSDK\AIMP400\apiVisuals.h">
      <Filter>Header Files\AIMPSDK</Filter>
    </ClInclude>
  </ItemGroup>
  <ItemGroup>
    <ClCompile Include="SDK\AimpConfig.cpp">
      <Filter>Source Files</Filter>
    </ClCompile>
    <ClCompile Include="SDK\AimpConverter.cpp">
      <Filter>Source Files</Filter>
    </ClCompile>
    <ClCompile Include="SDK\AimpObjectList.cpp">
      <Filter>Source Files</Filter>
    </ClCompile>
    <ClCompile Include="SDK\AimpPlayer.cpp">
      <Filter>Source Files</Filter>
    </ClCompile>
    <ClCompile Include="SDK\AimpStream.cpp">
      <Filter>Source Files</Filter>
    </ClCompile>
    <ClCompile Include="SDK\AimpString.cpp">
      <Filter>Source Files</Filter>
    </ClCompile>
    <ClCompile Include="SDK\ManagedAimpCore.cpp">
      <Filter>Source Files</Filter>
    </ClCompile>
    <ClCompile Include="SDK\PropertyListHelper.cpp">
      <Filter>Source Files</Filter>
    </ClCompile>
    <ClCompile Include="SDK\Action\AimpAction.cpp">
      <Filter>Source Files</Filter>
    </ClCompile>
    <ClCompile Include="SDK\Action\AimpActionEvent.cpp">
      <Filter>Source Files</Filter>
    </ClCompile>
    <ClCompile Include="SDK\Action\AimpServiceActionManager.cpp">
      <Filter>Source Files</Filter>
    </ClCompile>
    <ClCompile Include="SDK\AlbumArt\AimpAlbumArtSearchOptions.cpp">
      <Filter>Source Files</Filter>
    </ClCompile>
    <ClCompile Include="SDK\AlbumArt\AimpExtensionAlbumArtCatalog.cpp">
      <Filter>Source Files</Filter>
    </ClCompile>
    <ClCompile Include="SDK\AlbumArt\AimpExtensionAlbumArtProvider.cpp">
      <Filter>Source Files</Filter>
    </ClCompile>
    <ClCompile Include="SDK\AlbumArt\AimpServiceAlbumArt.cpp">
      <Filter>Source Files</Filter>
    </ClCompile>
    <ClCompile Include="SDK\AlbumArt\AimpServiceAlbumArtCache.cpp">
      <Filter>Source Files</Filter>
    </ClCompile>
    <ClCompile Include="SDK\Configuration\AimpConfigurationManager.cpp">
      <Filter>Source Files</Filter>
    </ClCompile>
    <ClCompile Include="SDK\FileManager\AimpFileInfo.cpp">
      <Filter>Source Files</Filter>
    </ClCompile>
    <ClCompile Include="SDK\FileManager\AimpServiceFileFormats.cpp">
      <Filter>Source Files</Filter>
    </ClCompile>
    <ClCompile Include="SDK\FileManager\AimpServiceFileInfo.cpp">
      <Filter>Source Files</Filter>
    </ClCompile>
    <ClCompile Include="SDK\FileManager\AimpServiceFileInfoFormattercpp.cpp">
      <Filter>Source Files</Filter>
    </ClCompile>
    <ClCompile Include="SDK\FileManager\AimpServiceFileStreaming.cpp">
      <Filter>Source Files</Filter>
    </ClCompile>
    <ClCompile Include="SDK\FileManager\AimpServiceFileSystems.cpp">
      <Filter>Source Files</Filter>
    </ClCompile>
    <ClCompile Include="SDK\FileManager\AimpVirtualFile.cpp">
      <Filter>Source Files</Filter>
    </ClCompile>
    <ClCompile Include="SDK\FileManager\InternalAimpExtensionFileInfoProvider.cpp">
      <Filter>Source Files</Filter>
    </ClCompile>
    <ClCompile Include="SDK\FileManager\InternalAimpExtensionFileSystem.cpp">
      <Filter>Source Files</Filter>
    </ClCompile>
    <ClCompile Include="SDK\FileManager\Commands\AimpFileSystemCommandCopyToClipboard.cpp">
      <Filter>Source Files</Filter>
    </ClCompile>
    <ClCompile Include="SDK\FileManager\Commands\AimpFileSystemCommandDelete.cpp">
      <Filter>Source Files</Filter>
    </ClCompile>
    <ClCompile Include="SDK\FileManager\Commands\AimpFileSystemCommandDropSource.cpp">
      <Filter>Source Files</Filter>
    </ClCompile>
    <ClCompile Include="SDK\FileManager\Commands\AimpFileSystemCommandFileInfo.cpp">
      <Filter>Source Files</Filter>
    </ClCompile>
    <ClCompile Include="SDK\FileManager\Commands\AimpFileSystemCommandOpenFileFolder.cpp">
      <Filter>Source Files</Filter>
    </ClCompile>
    <ClCompile Include="SDK\FileManager\Commands\AimpFileSystemCommandStreaming.cpp">
      <Filter>Source Files</Filter>
    </ClCompile>
    <ClCompile Include="SDK\FileManager\Commands\Internal\InternalAimpFileSystemCommandCopyToClipboard.cpp">
      <Filter>Source Files</Filter>
    </ClCompile>
    <ClCompile Include="SDK\FileManager\Commands\Internal\InternalAimpFileSystemCommandDelete.cpp">
      <Filter>Source Files</Filter>
    </ClCompile>
    <ClCompile Include="SDK\FileManager\Commands\Internal\InternalAimpFileSystemCommandDropSource.cpp">
      <Filter>Source Files</Filter>
    </ClCompile>
    <ClCompile Include="SDK\FileManager\Commands\Internal\InternalAimpFileSystemCommandFileInfo.cpp">
      <Filter>Source Files</Filter>
    </ClCompile>
    <ClCompile Include="SDK\FileManager\Commands\Internal\InternalAimpFileSystemCommandOpenFileFolder.cpp">
      <Filter>Source Files</Filter>
    </ClCompile>
    <ClCompile Include="SDK\FileManager\Commands\Internal\InternalAimpFileSystemCommandStreaming.cpp">
      <Filter>Source Files</Filter>
    </ClCompile>
    <ClCompile Include="SDK\FileManager\Commands\Internal\InternalAimpFileSystemCustomFileCommand.cpp">
      <Filter>Source Files</Filter>
    </ClCompile>
    <ClCompile Include="SDK\Lyrics\AimpLyrics.cpp">
      <Filter>Source Files</Filter>
    </ClCompile>
    <ClCompile Include="SDK\Lyrics\AimpServiceLyrics.cpp">
      <Filter>Source Files</Filter>
    </ClCompile>
    <ClCompile Include="SDK\Menu\AimpMenuItem.cpp">
      <Filter>Source Files</Filter>
    </ClCompile>
    <ClCompile Include="SDK\Menu\AimpServiceMenuManager.cpp">
      <Filter>Source Files</Filter>
    </ClCompile>
    <ClCompile Include="SDK\MessageDispatcher\AimpServiceMessageDispatcher.cpp">
      <Filter>Source Files</Filter>
    </ClCompile>
    <ClCompile Include="SDK\MessageDispatcher\InternalAimpMessageHook.cpp">
      <Filter>Source Files</Filter>
    </ClCompile>
    <ClCompile Include="SDK\MUI\AimpServiceMUI.cpp">
      <Filter>Source Files</Filter>
    </ClCompile>
    <ClCompile Include="SDK\MusicLibrary\AimpDataField.cpp">
      <Filter>Source Files</Filter>
    </ClCompile>
    <ClCompile Include="SDK\MusicLibrary\AimpDataFieldFilter.cpp">
      <Filter>Source Files</Filter>
    </ClCompile>
    <ClCompile Include="SDK\MusicLibrary\AimpDataFieldFilterByArray.cpp">
      <Filter>Source Files</Filter>
    </ClCompile>
    <ClCompile Include="SDK\MusicLibrary\AimpDataFilter.cpp">
      <Filter>Source Files</Filter>
    </ClCompile>
    <ClCompile Include="SDK\MusicLibrary\AimpDataFilterGroup.cpp">
      <Filter>Source Files</Filter>
    </ClCompile>
    <ClCompile Include="SDK\MusicLibrary\AimpDataStorage.cpp">
      <Filter>Source Files</Filter>
    </ClCompile>
    <ClCompile Include="SDK\MusicLibrary\AimpDataStorageManager.cpp">
      <Filter>Source Files</Filter>
    </ClCompile>
    <ClCompile Include="SDK\MusicLibrary\AimpExtensionDataStorage.cpp">
      <Filter>Source Files</Filter>
    </ClCompile>
    <ClCompile Include="SDK\MusicLibrary\AimpFileList.cpp">
      <Filter>Source Files</Filter>
    </ClCompile>
    <ClCompile Include="SDK\MusicLibrary\AimpGroupingPreset.cpp">
      <Filter>Source Files</Filter>
    </ClCompile>
    <ClCompile Include="SDK\MusicLibrary\AimpGroupingPresets.cpp">
      <Filter>Source Files</Filter>
    </ClCompile>
    <ClCompile Include="SDK\MusicLibrary\AimpGroupingPresetStandard.cpp">
      <Filter>Source Files</Filter>
    </ClCompile>
    <ClCompile Include="SDK\MusicLibrary\AimpGroupingTreeSelection.cpp">
      <Filter>Source Files</Filter>
    </ClCompile>
    <ClCompile Include="SDK\MusicLibrary\AimpServiceMusicLibrary.cpp">
      <Filter>Source Files</Filter>
    </ClCompile>
    <ClCompile Include="SDK\MusicLibrary\AimpServiceMusicLibraryUI.cpp">
      <Filter>Source Files</Filter>
    </ClCompile>
    <ClCompile Include="SDK\MusicLibrary\InternalAimpDataFilter.cpp">
      <Filter>Source Files</Filter>
    </ClCompile>
    <ClCompile Include="SDK\MusicLibrary\InternalAimpDataFilterGroup.cpp">
      <Filter>Source Files</Filter>
    </ClCompile>
    <ClCompile Include="SDK\MusicLibrary\InternalAimpDataProviderSelection.cpp">
      <Filter>Source Files</Filter>
    </ClCompile>
    <ClCompile Include="SDK\MusicLibrary\InternalAimpGroupingTreeDataProvider.cpp">
      <Filter>Source Files</Filter>
    </ClCompile>
    <ClCompile Include="SDK\MusicLibrary\InternalAimpGroupingTreeDataProviderSelection.cpp">
      <Filter>Source Files</Filter>
    </ClCompile>
    <ClCompile Include="SDK\MusicLibrary\InternalAimpMusicLibraryPlaylistPreimage.cpp">
      <Filter>Source Files</Filter>
    </ClCompile>
    <ClCompile Include="SDK\Options\AimpOptionsDialogFrame.cpp">
      <Filter>Source Files</Filter>
    </ClCompile>
    <ClCompile Include="SDK\Options\AimpServiceOptionsDialog.cpp">
      <Filter>Source Files</Filter>
    </ClCompile>
    <ClCompile Include="SDK\Options\OptionsDialogFrameExtension.cpp">
      <Filter>Source Files</Filter>
    </ClCompile>
    <ClCompile Include="SDK\Playback\AimpPlaybackQueueItem.cpp">
      <Filter>Source Files</Filter>
    </ClCompile>
    <ClCompile Include="SDK\Playback\AimpServicePlaybackQueue.cpp">
      <Filter>Source Files</Filter>
    </ClCompile>
    <ClCompile Include="SDK\PlayList\AimpExtensionPlaylistManagerListener.cpp">
      <Filter>Source Files</Filter>
    </ClCompile>
    <ClCompile Include="SDK\PlayList\AimpExtensionPlaylistPreimageFactory.cpp">
      <Filter>Source Files</Filter>
    </ClCompile>
    <ClCompile Include="SDK\PlayList\AimpPlayList.cpp">
      <Filter>Source Files</Filter>
    </ClCompile>
    <ClCompile Include="SDK\PlayList\AimpPlayListGroup.cpp">
      <Filter>Source Files</Filter>
    </ClCompile>
    <ClCompile Include="SDK\PlayList\AimpPlayListItem.cpp">
      <Filter>Source Files</Filter>
    </ClCompile>
    <ClCompile Include="SDK\PlayList\AimpPlaylistPreimage.cpp">
      <Filter>Source Files</Filter>
    </ClCompile>
    <ClCompile Include="SDK\PlayList\AimpPlaylistPreimageFactory.cpp">
      <Filter>Source Files</Filter>
    </ClCompile>
    <ClCompile Include="SDK\PlayList\AimpPlaylistPreimageFolders.cpp">
      <Filter>Source Files</Filter>
    </ClCompile>
    <ClCompile Include="SDK\PlayList\AimpPlaylistPreimageListener.cpp">
      <Filter>Source Files</Filter>
    </ClCompile>
    <ClCompile Include="SDK\PlayList\AimpPlayListQueue.cpp">
      <Filter>Source Files</Filter>
    </ClCompile>
    <ClCompile Include="SDK\PlayList\AimpPlaylistQueueListener.cpp">
      <Filter>Source Files</Filter>
    </ClCompile>
    <ClCompile Include="SDK\PlayList\AimpServicePlaylistManager.cpp">
      <Filter>Source Files</Filter>
    </ClCompile>
    <ClCompile Include="SDK\PlayList\Internal\InternalAimpExtensionPlaylistPreimageFactory.cpp">
      <Filter>Source Files</Filter>
    </ClCompile>
    <ClCompile Include="SDK\PlayList\Internal\InternalAimpMLPlaylistPreimage.cpp">
      <Filter>Source Files</Filter>
    </ClCompile>
    <ClCompile Include="SDK\PlayList\Internal\InternalAimpPlaylistPreimage.cpp">
      <Filter>Source Files</Filter>
    </ClCompile>
    <ClCompile Include="SDK\TagEditor\AimpFileTag.cpp">
      <Filter>Source Files</Filter>
    </ClCompile>
    <ClCompile Include="SDK\TagEditor\AimpFileTagEditor.cpp">
      <Filter>Source Files</Filter>
    </ClCompile>
    <ClCompile Include="SDK\TagEditor\AimpServiceFileTagEditor.cpp">
      <Filter>Source Files</Filter>
    </ClCompile>
    <ClCompile Include="SDK\Threading\AimpServiceSynchronizer.cpp">
      <Filter>Source Files</Filter>
    </ClCompile>
    <ClCompile Include="SDK\Threading\AimpServiceThreadPool.cpp">
      <Filter>Source Files</Filter>
    </ClCompile>
    <ClCompile Include="SDK\Threading\AimpTaskOwner.cpp">
      <Filter>Source Files</Filter>
    </ClCompile>
    <ClCompile Include="SDK\Threading\InternalAimpTask.cpp">
      <Filter>Source Files</Filter>
    </ClCompile>
    <ClCompile Include="SDK\Visuals\AimpExtensionCustomVisualization.cpp">
      <Filter>Source Files</Filter>
    </ClCompile>
    <ClCompile Include="SDK\Visuals\AimpExtensionEmbeddedVisualization.cpp">
      <Filter>Source Files</Filter>
    </ClCompile>
    <ClCompile Include="SDK\Visuals\AimpServiceVisualizations.cpp">
      <Filter>Source Files</Filter>
    </ClCompile>
    <ClCompile Include="SDK\Win32\Win32Manager.cpp">
      <Filter>Source Files</Filter>
    </ClCompile>
    <ClCompile Include="AimpDotnetPlugin.cpp">
      <Filter>Source Files</Filter>
    </ClCompile>
    <ClCompile Include="DotNetPlugin.cpp">
      <Filter>Source Files</Filter>
    </ClCompile>
    <ClCompile Include="Stdafx.cpp">
      <Filter>Source Files</Filter>
    </ClCompile>
  </ItemGroup>
  <ItemGroup>
    <None Include="AIMP_Exports.def">
      <Filter>Source Files</Filter>
    </None>
  </ItemGroup>
  <ItemGroup>
    <ResourceCompile Include="aimp_dotnet.rc">
      <Filter>Resource Files</Filter>
    </ResourceCompile>
  </ItemGroup>
</Project>