<?xml version="1.0" encoding="utf-8"?>
<Project ToolsVersion="4.0" xmlns="http://schemas.microsoft.com/developer/msbuild/2003">
  <ItemGroup>
    <Filter Include="Source Files">
      <UniqueIdentifier>{4FC737F1-C7A5-4376-A066-2A32D752A2FF}</UniqueIdentifier>
      <Extensions>cpp;c;cc;cxx;c++;cppm;ixx;def;odl;idl;hpj;bat;asm;asmx</Extensions>
    </Filter>
    <Filter Include="Header Files">
      <UniqueIdentifier>{93995380-89BD-4b04-88EB-625FBE52EBFB}</UniqueIdentifier>
      <Extensions>h;hh;hpp;hxx;h++;hm;inl;inc;ipp;xsd</Extensions>
    </Filter>
    <Filter Include="Resource Files">
      <UniqueIdentifier>{67DA6AB6-F800-4c08-8B7A-83BB121AAD01}</UniqueIdentifier>
      <Extensions>rc;ico;cur;bmp;dlg;rc2;rct;bin;rgs;gif;jpg;jpeg;jpe;resx;tiff;tif;png;wav;mfcribbon-ms</Extensions>
    </Filter>
  </ItemGroup>
  <ItemGroup>
    <ClInclude Include="AIMPSDK\AIMPSDK.h">
      <Filter>Header Files</Filter>
    </ClInclude>
    <ClInclude Include="AIMPSDK\AIMP400\apiActions.h">
      <Filter>Header Files</Filter>
    </ClInclude>
    <ClInclude Include="AIMPSDK\AIMP400\apiAlbumArt.h">
      <Filter>Header Files</Filter>
    </ClInclude>
    <ClInclude Include="AIMPSDK\AIMP400\apiCore.h">
      <Filter>Header Files</Filter>
    </ClInclude>
    <ClInclude Include="AIMPSDK\AIMP400\apiDecoders.h">
      <Filter>Header Files</Filter>
    </ClInclude>
    <ClInclude Include="AIMPSDK\AIMP400\apiDepricated.h">
      <Filter>Header Files</Filter>
    </ClInclude>
    <ClInclude Include="AIMPSDK\AIMP400\apiFileManager.h">
      <Filter>Header Files</Filter>
    </ClInclude>
    <ClInclude Include="AIMPSDK\AIMP400\apiGUI.h">
      <Filter>Header Files</Filter>
    </ClInclude>
    <ClInclude Include="AIMPSDK\AIMP400\apiInternet.h">
      <Filter>Header Files</Filter>
    </ClInclude>
    <ClInclude Include="AIMPSDK\AIMP400\apiLyrics.h">
      <Filter>Header Files</Filter>
    </ClInclude>
    <ClInclude Include="AIMPSDK\AIMP400\apiMenu.h">
      <Filter>Header Files</Filter>
    </ClInclude>
    <ClInclude Include="AIMPSDK\AIMP400\apiMessages.h">
      <Filter>Header Files</Filter>
    </ClInclude>
    <ClInclude Include="AIMPSDK\AIMP400\apiMUI.h">
      <Filter>Header Files</Filter>
    </ClInclude>
    <ClInclude Include="AIMPSDK\AIMP400\apiMusicLibrary.h">
      <Filter>Header Files</Filter>
    </ClInclude>
    <ClInclude Include="AIMPSDK\AIMP400\apiObjects.h">
      <Filter>Header Files</Filter>
    </ClInclude>
    <ClInclude Include="AIMPSDK\AIMP400\apiOptions.h">
      <Filter>Header Files</Filter>
    </ClInclude>
    <ClInclude Include="AIMPSDK\AIMP400\apiPlayer.h">
      <Filter>Header Files</Filter>
    </ClInclude>
    <ClInclude Include="AIMPSDK\AIMP400\apiPlaylists.h">
      <Filter>Header Files</Filter>
    </ClInclude>
    <ClInclude Include="AIMPSDK\AIMP400\apiPlugin.h">
      <Filter>Header Files</Filter>
    </ClInclude>
    <ClInclude Include="AIMPSDK\AIMP400\apiRemote.h">
      <Filter>Header Files</Filter>
    </ClInclude>
    <ClInclude Include="AIMPSDK\AIMP400\apiScheduler.h">
      <Filter>Header Files</Filter>
    </ClInclude>
    <ClInclude Include="AIMPSDK\AIMP400\apiSkins.h">
      <Filter>Header Files</Filter>
    </ClInclude>
    <ClInclude Include="AIMPSDK\AIMP400\apiTagEditor.h">
      <Filter>Header Files</Filter>
    </ClInclude>
    <ClInclude Include="AIMPSDK\AIMP400\apiThreading.h">
      <Filter>Header Files</Filter>
    </ClInclude>
    <ClInclude Include="AIMPSDK\AIMP400\apiVisuals.h">
      <Filter>Header Files</Filter>
    </ClInclude>
    <ClInclude Include="plugin.h">
      <Filter>Header Files</Filter>
    </ClInclude>
    <ClInclude Include="IUnknownInterfaceImpl.h">
      <Filter>Header Files</Filter>
    </ClInclude>
  </ItemGroup>
  <ItemGroup>
    <None Include="AIMPExports.def">
      <Filter>Source Files</Filter>
    </None>
  </ItemGroup>
  <ItemGroup>
    <ClCompile Include="AimpDotnetPlugin.cpp">
      <Filter>Source Files</Filter>
    </ClCompile>
  </ItemGroup>
</Project>