
Microsoft Visual Studio Solution File, Format Version 12.00
# Visual Studio 14
VisualStudioVersion = 14.0.24720.0
MinimumVisualStudioVersion = 10.0.40219.1
Project("{FAE04EC0-301F-11D3-BF4B-00C04F79EFBC}") = "AIMP.SDK", "AIMPDotNet\AIMP.SDK.csproj", "{154C60CF-2DAE-4227-AD2C-CCE7C63CDE5A}"
EndProject
Project("{2150E333-8FDC-42A3-9474-1A3956D46DE8}") = "Plugins", "Plugins", "{56B57E6A-FD0A-4479-B8D9-149BBD6F9C73}"
EndProject
Project("{FAE04EC0-301F-11D3-BF4B-00C04F79EFBC}") = "DemoPlugin", "Plugins\Demo\DemoPlugin.csproj", "{72CBA5F8-494D-4EEB-803B-7D1802A91D4A}"
EndProject
Project("{8BC9CEB8-8B4A-11D0-8D11-00A0C91BC942}") = "Aimp_DotNetPlugin", "AimpPlugin\Aimp_DotNetPlugin\Aimp_DotNetPlugin.vcxproj", "{8D30D1F5-1925-4926-83F2-F0B21B45646F}"
EndProject
Global
	GlobalSection(SolutionConfigurationPlatforms) = preSolution
		Debug|Any CPU = Debug|Any CPU
		Debug|Mixed Platforms = Debug|Mixed Platforms
		Debug|Win32 = Debug|Win32
		Debug|x64 = Debug|x64
		Debug|x86 = Debug|x86
		Release|Any CPU = Release|Any CPU
		Release|Mixed Platforms = Release|Mixed Platforms
		Release|Win32 = Release|Win32
		Release|x64 = Release|x64
		Release|x86 = Release|x86
	EndGlobalSection
	GlobalSection(ProjectConfigurationPlatforms) = postSolution
		{154C60CF-2DAE-4227-AD2C-CCE7C63CDE5A}.Debug|Any CPU.ActiveCfg = Debug|Any CPU
		{154C60CF-2DAE-4227-AD2C-CCE7C63CDE5A}.Debug|Any CPU.Build.0 = Debug|Any CPU
		{154C60CF-2DAE-4227-AD2C-CCE7C63CDE5A}.Debug|Mixed Platforms.ActiveCfg = Debug|Any CPU
		{154C60CF-2DAE-4227-AD2C-CCE7C63CDE5A}.Debug|Mixed Platforms.Build.0 = Debug|Any CPU
		{154C60CF-2DAE-4227-AD2C-CCE7C63CDE5A}.Debug|Win32.ActiveCfg = Debug|Any CPU
		{154C60CF-2DAE-4227-AD2C-CCE7C63CDE5A}.Debug|x64.ActiveCfg = Debug|Any CPU
		{154C60CF-2DAE-4227-AD2C-CCE7C63CDE5A}.Debug|x64.Build.0 = Debug|Any CPU
		{154C60CF-2DAE-4227-AD2C-CCE7C63CDE5A}.Debug|x86.ActiveCfg = Debug|Any CPU
		{154C60CF-2DAE-4227-AD2C-CCE7C63CDE5A}.Release|Any CPU.ActiveCfg = Release|Any CPU
		{154C60CF-2DAE-4227-AD2C-CCE7C63CDE5A}.Release|Any CPU.Build.0 = Release|Any CPU
		{154C60CF-2DAE-4227-AD2C-CCE7C63CDE5A}.Release|Mixed Platforms.ActiveCfg = Release|Any CPU
		{154C60CF-2DAE-4227-AD2C-CCE7C63CDE5A}.Release|Mixed Platforms.Build.0 = Release|Any CPU
		{154C60CF-2DAE-4227-AD2C-CCE7C63CDE5A}.Release|Win32.ActiveCfg = Release|Any CPU
		{154C60CF-2DAE-4227-AD2C-CCE7C63CDE5A}.Release|x64.ActiveCfg = Release|Any CPU
		{154C60CF-2DAE-4227-AD2C-CCE7C63CDE5A}.Release|x64.Build.0 = Release|Any CPU
		{154C60CF-2DAE-4227-AD2C-CCE7C63CDE5A}.Release|x86.ActiveCfg = Release|Any CPU
		{72CBA5F8-494D-4EEB-803B-7D1802A91D4A}.Debug|Any CPU.ActiveCfg = Debug|Any CPU
		{72CBA5F8-494D-4EEB-803B-7D1802A91D4A}.Debug|Any CPU.Build.0 = Debug|Any CPU
		{72CBA5F8-494D-4EEB-803B-7D1802A91D4A}.Debug|Mixed Platforms.ActiveCfg = Debug|Any CPU
		{72CBA5F8-494D-4EEB-803B-7D1802A91D4A}.Debug|Mixed Platforms.Build.0 = Debug|Any CPU
		{72CBA5F8-494D-4EEB-803B-7D1802A91D4A}.Debug|Win32.ActiveCfg = Debug|Any CPU
		{72CBA5F8-494D-4EEB-803B-7D1802A91D4A}.Debug|x64.ActiveCfg = Debug|Any CPU
		{72CBA5F8-494D-4EEB-803B-7D1802A91D4A}.Debug|x64.Build.0 = Debug|Any CPU
		{72CBA5F8-494D-4EEB-803B-7D1802A91D4A}.Debug|x86.ActiveCfg = Debug|Any CPU
		{72CBA5F8-494D-4EEB-803B-7D1802A91D4A}.Release|Any CPU.ActiveCfg = Release|Any CPU
		{72CBA5F8-494D-4EEB-803B-7D1802A91D4A}.Release|Any CPU.Build.0 = Release|Any CPU
		{72CBA5F8-494D-4EEB-803B-7D1802A91D4A}.Release|Mixed Platforms.ActiveCfg = Release|Any CPU
		{72CBA5F8-494D-4EEB-803B-7D1802A91D4A}.Release|Mixed Platforms.Build.0 = Release|Any CPU
		{72CBA5F8-494D-4EEB-803B-7D1802A91D4A}.Release|Win32.ActiveCfg = Release|Any CPU
		{72CBA5F8-494D-4EEB-803B-7D1802A91D4A}.Release|x64.ActiveCfg = Release|Any CPU
		{72CBA5F8-494D-4EEB-803B-7D1802A91D4A}.Release|x64.Build.0 = Release|Any CPU
		{72CBA5F8-494D-4EEB-803B-7D1802A91D4A}.Release|x86.ActiveCfg = Release|Any CPU
		{8D30D1F5-1925-4926-83F2-F0B21B45646F}.Debug|Any CPU.ActiveCfg = Debug|Win32
		{8D30D1F5-1925-4926-83F2-F0B21B45646F}.Debug|Mixed Platforms.ActiveCfg = Debug|Win32
		{8D30D1F5-1925-4926-83F2-F0B21B45646F}.Debug|Mixed Platforms.Build.0 = Debug|Win32
		{8D30D1F5-1925-4926-83F2-F0B21B45646F}.Debug|Win32.ActiveCfg = Debug|Win32
		{8D30D1F5-1925-4926-83F2-F0B21B45646F}.Debug|Win32.Build.0 = Debug|Win32
		{8D30D1F5-1925-4926-83F2-F0B21B45646F}.Debug|x64.ActiveCfg = Debug|x64
		{8D30D1F5-1925-4926-83F2-F0B21B45646F}.Debug|x64.Build.0 = Debug|x64
		{8D30D1F5-1925-4926-83F2-F0B21B45646F}.Debug|x86.ActiveCfg = Debug|Win32
		{8D30D1F5-1925-4926-83F2-F0B21B45646F}.Debug|x86.Build.0 = Debug|Win32
		{8D30D1F5-1925-4926-83F2-F0B21B45646F}.Release|Any CPU.ActiveCfg = Release|Win32
		{8D30D1F5-1925-4926-83F2-F0B21B45646F}.Release|Mixed Platforms.ActiveCfg = Release|Win32
		{8D30D1F5-1925-4926-83F2-F0B21B45646F}.Release|Mixed Platforms.Build.0 = Release|Win32
		{8D30D1F5-1925-4926-83F2-F0B21B45646F}.Release|Win32.ActiveCfg = Release|Win32
		{8D30D1F5-1925-4926-83F2-F0B21B45646F}.Release|Win32.Build.0 = Release|Win32
		{8D30D1F5-1925-4926-83F2-F0B21B45646F}.Release|x64.ActiveCfg = Release|x64
		{8D30D1F5-1925-4926-83F2-F0B21B45646F}.Release|x64.Build.0 = Release|x64
		{8D30D1F5-1925-4926-83F2-F0B21B45646F}.Release|x86.ActiveCfg = Release|Win32
		{8D30D1F5-1925-4926-83F2-F0B21B45646F}.Release|x86.Build.0 = Release|Win32
	EndGlobalSection
	GlobalSection(SolutionProperties) = preSolution
		HideSolutionNode = FALSE
	EndGlobalSection
	GlobalSection(NestedProjects) = preSolution
		{72CBA5F8-494D-4EEB-803B-7D1802A91D4A} = {56B57E6A-FD0A-4479-B8D9-149BBD6F9C73}
	EndGlobalSection
EndGlobal
