<?xml version="1.0" encoding="utf-8"?>
<Project ToolsVersion="4.0" xmlns="http://schemas.microsoft.com/developer/msbuild/2003">
  <ItemGroup>
    <Filter Include="Source Files">
      <UniqueIdentifier>{4FC737F1-C7A5-4376-A066-2A32D752A2FF}</UniqueIdentifier>
      <Extensions>cpp;c;cc;cxx;def;odl;idl;hpj;bat;asm;asmx</Extensions>
    </Filter>
    <Filter Include="Header Files">
      <UniqueIdentifier>{93995380-89BD-4b04-88EB-625FBE52EBFB}</UniqueIdentifier>
      <Extensions>h;hh;hpp;hxx;hm;inl;inc;xsd</Extensions>
    </Filter>
    <Filter Include="Resource Files">
      <UniqueIdentifier>{67DA6AB6-F800-4c08-8B7A-83BB121AAD01}</UniqueIdentifier>
      <Extensions>rc;ico;cur;bmp;dlg;rc2;rct;bin;rgs;gif;jpg;jpeg;jpe;resx;tiff;tif;png;wav;mfcribbon-ms</Extensions>
    </Filter>
    <Filter Include="SDK">
      <UniqueIdentifier>{87c24f19-4f5b-4b4d-b864-4390f76b13f8}</UniqueIdentifier>
    </Filter>
    <Filter Include="Header Files\SDK">
      <UniqueIdentifier>{18cc40fa-1574-4887-ac11-8295b6e14055}</UniqueIdentifier>
    </Filter>
    <Filter Include="Header Files\SDK\MusicLibrary">
      <UniqueIdentifier>{b7677b24-3466-47d2-96a1-5619326ea56d}</UniqueIdentifier>
    </Filter>
    <Filter Include="Source Files\SDK">
      <UniqueIdentifier>{a3302c66-b61b-414a-a1fd-bc774d2a9fe2}</UniqueIdentifier>
    </Filter>
    <Filter Include="Source Files\SDK\MusicLibrary">
      <UniqueIdentifier>{972d2359-477c-4006-b702-e4d2effaab8c}</UniqueIdentifier>
    </Filter>
    <Filter Include="Header Files\SDK\FileManager">
      <UniqueIdentifier>{f4656e0d-d70d-489a-ae70-7e2aec5daf2a}</UniqueIdentifier>
    </Filter>
    <Filter Include="Header Files\SDK\FileManager\Commands">
      <UniqueIdentifier>{0c2018b1-0678-4f31-856f-2f0ee4100514}</UniqueIdentifier>
    </Filter>
    <Filter Include="Source Files\SDK\FileManager">
      <UniqueIdentifier>{f5beece8-ea4e-4acf-8c87-6e27642838cf}</UniqueIdentifier>
    </Filter>
    <Filter Include="Source Files\SDK\FileManager\Commands">
      <UniqueIdentifier>{dd681368-a297-478e-a4fa-ab82f25ad393}</UniqueIdentifier>
    </Filter>
    <Filter Include="Header Files\SDK\Action">
      <UniqueIdentifier>{bbfe40c5-08b2-42cc-b889-badab49279ef}</UniqueIdentifier>
    </Filter>
    <Filter Include="Source Files\SDK\Action">
      <UniqueIdentifier>{c60cbecf-31f7-406a-8d04-c50d988eefac}</UniqueIdentifier>
    </Filter>
    <Filter Include="Header Files\SDK\AlbumArt">
      <UniqueIdentifier>{30aa03db-3340-4ff3-a052-f4e502958101}</UniqueIdentifier>
    </Filter>
    <Filter Include="Source Files\SDK\AlbumArt">
      <UniqueIdentifier>{37f8c3c9-1e5c-4bc9-8356-41e25f991ca3}</UniqueIdentifier>
    </Filter>
    <Filter Include="Header Files\SDK\Configuration">
      <UniqueIdentifier>{307eb6b3-f9d8-4df7-ba07-8bf30a636980}</UniqueIdentifier>
    </Filter>
    <Filter Include="Source Files\SDK\Configuration">
      <UniqueIdentifier>{7d46b64d-29ff-43ad-926f-5bea17a5d4ea}</UniqueIdentifier>
    </Filter>
    <Filter Include="Header Files\AIMPSDK">
      <UniqueIdentifier>{b71923ff-8369-48c7-b11e-febd8a9334e2}</UniqueIdentifier>
    </Filter>
    <Filter Include="Header Files\AIMPSDK\AIMP4">
      <UniqueIdentifier>{dfde4f1f-7e11-486a-af9f-5496fa1c0d73}</UniqueIdentifier>
    </Filter>
    <Filter Include="Header Files\SDK\Menu">
      <UniqueIdentifier>{8080423b-3877-478c-bf0a-f1e08c2ab503}</UniqueIdentifier>
    </Filter>
    <Filter Include="Source Files\SDK\Menu">
      <UniqueIdentifier>{30723e04-36fc-483b-a857-eae063d561b6}</UniqueIdentifier>
    </Filter>
    <Filter Include="Header Files\SDK\MUI">
      <UniqueIdentifier>{7b35bf50-7151-43e1-b90e-2ca915da2192}</UniqueIdentifier>
    </Filter>
    <Filter Include="Source Files\SDK\MUI">
      <UniqueIdentifier>{e22f750b-79c6-4223-81ab-9a854b0d27ff}</UniqueIdentifier>
    </Filter>
    <Filter Include="Header Files\SDK\Options">
      <UniqueIdentifier>{e9209391-8389-474c-845f-c88eaf90875c}</UniqueIdentifier>
    </Filter>
    <Filter Include="Source Files\SDK\Options">
      <UniqueIdentifier>{ad4083de-3c46-4109-a3ad-026610d1372a}</UniqueIdentifier>
    </Filter>
    <Filter Include="Header Files\SDK\Playback">
      <UniqueIdentifier>{349f0fae-1fe3-47fa-b389-0c3725252e67}</UniqueIdentifier>
    </Filter>
    <Filter Include="Source Files\SDK\Playback">
      <UniqueIdentifier>{974f39ac-c403-4925-8441-23faf0504207}</UniqueIdentifier>
    </Filter>
    <Filter Include="Header Files\SDK\PlayList">
      <UniqueIdentifier>{1fb3663d-c922-435b-a142-5e16eb634c9c}</UniqueIdentifier>
    </Filter>
    <Filter Include="Source Files\SDK\PlayList">
      <UniqueIdentifier>{58b07397-8464-4aed-8b62-4a91a00fec92}</UniqueIdentifier>
    </Filter>
    <Filter Include="Header Files\SDK\Threading">
      <UniqueIdentifier>{2dad0e0e-35ac-43ad-9fbf-479180fec38d}</UniqueIdentifier>
    </Filter>
    <Filter Include="Source Files\SDK\Threading">
      <UniqueIdentifier>{e8fb6b16-d753-4320-bee1-82bb6081a091}</UniqueIdentifier>
    </Filter>
    <Filter Include="Header Files\SDK\Visuals">
      <UniqueIdentifier>{4ec84bf5-d237-4550-b082-5bc45a1f7ec0}</UniqueIdentifier>
    </Filter>
    <Filter Include="Source Files\SDK\Visuals">
      <UniqueIdentifier>{539142a1-7be5-4b42-8751-27a4e118e471}</UniqueIdentifier>
    </Filter>
    <Filter Include="Header Files\SDK\Win32">
      <UniqueIdentifier>{18af25c2-baa2-4418-bb5b-5af311f5a852}</UniqueIdentifier>
    </Filter>
    <Filter Include="Source Files\SDK\Win32">
      <UniqueIdentifier>{31cca0f6-b516-4991-943e-73e29080e410}</UniqueIdentifier>
    </Filter>
  </ItemGroup>
  <ItemGroup>
    <ClCompile Include="DotNetPlugin.cpp">
      <Filter>Source Files</Filter>
    </ClCompile>
    <ClCompile Include="Stdafx.cpp">
      <Filter>Source Files</Filter>
    </ClCompile>
    <ClCompile Include="SDK\ManagedAimpCore.cpp">
      <Filter>SDK</Filter>
    </ClCompile>
    <ClCompile Include="SDK\AimpObjectList.cpp">
      <Filter>Source Files</Filter>
    </ClCompile>
    <ClCompile Include="SDK\AimpStream.cpp">
      <Filter>Source Files</Filter>
    </ClCompile>
    <ClCompile Include="SDK\MusicLibrary\AimpDataFieldFilterByArray.cpp">
      <Filter>Source Files\SDK\MusicLibrary</Filter>
    </ClCompile>
    <ClCompile Include="SDK\MusicLibrary\AimpDataField.cpp">
      <Filter>Source Files\SDK\MusicLibrary</Filter>
    </ClCompile>
    <ClCompile Include="SDK\MusicLibrary\AimpDataFieldFilter.cpp">
      <Filter>Source Files\SDK\MusicLibrary</Filter>
    </ClCompile>
    <ClCompile Include="SDK\MusicLibrary\AimpDataFilter.cpp">
      <Filter>Source Files\SDK\MusicLibrary</Filter>
    </ClCompile>
    <ClCompile Include="SDK\MusicLibrary\AimpDataStorageManager.cpp">
      <Filter>Source Files\SDK\MusicLibrary</Filter>
    </ClCompile>
    <ClCompile Include="SDK\MusicLibrary\AimpExtensionDataStorage.cpp">
      <Filter>Source Files\SDK\MusicLibrary</Filter>
    </ClCompile>
    <ClCompile Include="SDK\MusicLibrary\AimpFileList.cpp">
      <Filter>Source Files\SDK\MusicLibrary</Filter>
    </ClCompile>
    <ClCompile Include="SDK\MusicLibrary\AimpGroupingPresets.cpp">
      <Filter>Source Files\SDK\MusicLibrary</Filter>
    </ClCompile>
    <ClCompile Include="SDK\MusicLibrary\AimpGroupingPresetStandard.cpp">
      <Filter>Source Files\SDK\MusicLibrary</Filter>
    </ClCompile>
    <ClCompile Include="SDK\MusicLibrary\AimpGroupingTreeSelection.cpp">
      <Filter>Source Files\SDK\MusicLibrary</Filter>
    </ClCompile>
    <ClCompile Include="SDK\MusicLibrary\AimpServiceMusicLibrary.cpp">
      <Filter>Source Files\SDK\MusicLibrary</Filter>
    </ClCompile>
    <ClCompile Include="SDK\MusicLibrary\AimpServiceMusicLibraryUI.cpp">
      <Filter>Source Files\SDK\MusicLibrary</Filter>
    </ClCompile>
    <ClCompile Include="SDK\MusicLibrary\InternalAimpDataProviderSelection.cpp">
      <Filter>Source Files\SDK\MusicLibrary</Filter>
    </ClCompile>
    <ClCompile Include="SDK\MusicLibrary\InternalAimpGroupingTreeDataProvider.cpp">
      <Filter>Source Files\SDK\MusicLibrary</Filter>
    </ClCompile>
    <ClCompile Include="SDK\MusicLibrary\InternalAimpGroupingTreeDataProviderSelection.cpp">
      <Filter>Source Files\SDK\MusicLibrary</Filter>
    </ClCompile>
    <ClCompile Include="SDK\MusicLibrary\AimpDataFilterGroup.cpp">
      <Filter>Source Files\SDK\MusicLibrary</Filter>
    </ClCompile>
    <ClCompile Include="SDK\MusicLibrary\AimpGroupingPreset.cpp">
      <Filter>Source Files\SDK\MusicLibrary</Filter>
    </ClCompile>
    <ClCompile Include="SDK\MusicLibrary\AimpDataStorage.cpp">
      <Filter>Source Files\SDK\MusicLibrary</Filter>
    </ClCompile>
    <ClCompile Include="SDK\PropertyListHelper.cpp">
      <Filter>Source Files\SDK</Filter>
    </ClCompile>
    <ClCompile Include="AimpDotnetPlugin.cpp">
      <Filter>Source Files</Filter>
    </ClCompile>
    <ClCompile Include="SDK\FileManager\Commands\AimpFileSystemCommandFileInfo.cpp">
      <Filter>Source Files\SDK\FileManager\Commands</Filter>
    </ClCompile>
    <ClCompile Include="SDK\FileManager\Commands\InternalAimpFileSystemCommandCopyToClipboard.cpp">
      <Filter>Source Files\SDK\FileManager\Commands</Filter>
    </ClCompile>
    <ClCompile Include="SDK\FileManager\Commands\InternalAimpFileSystemCommandDelete.cpp">
      <Filter>Source Files\SDK\FileManager\Commands</Filter>
    </ClCompile>
    <ClCompile Include="SDK\FileManager\Commands\InternalAimpFileSystemCommandDropSource.cpp">
      <Filter>Source Files\SDK\FileManager\Commands</Filter>
    </ClCompile>
    <ClCompile Include="SDK\FileManager\Commands\InternalAimpFileSystemCommandFileInfo.cpp">
      <Filter>Source Files\SDK\FileManager\Commands</Filter>
    </ClCompile>
    <ClCompile Include="SDK\FileManager\Commands\InternalAimpFileSystemCommandOpenFileFolder.cpp">
      <Filter>Source Files\SDK\FileManager\Commands</Filter>
    </ClCompile>
    <ClCompile Include="SDK\FileManager\Commands\InternalAimpFileSystemCommandStreaming.cpp">
      <Filter>Source Files\SDK\FileManager\Commands</Filter>
    </ClCompile>
    <ClCompile Include="SDK\FileManager\Commands\InternalAimpFileSystemCustomFileCommand.cpp">
      <Filter>Source Files\SDK\FileManager\Commands</Filter>
    </ClCompile>
    <ClCompile Include="SDK\FileManager\AimpFileInfo.cpp">
      <Filter>Source Files\SDK\FileManager</Filter>
    </ClCompile>
    <ClCompile Include="SDK\FileManager\AimpServiceFileFormats.cpp">
      <Filter>Source Files\SDK\FileManager</Filter>
    </ClCompile>
    <ClCompile Include="SDK\FileManager\AimpServiceFileInfo.cpp">
      <Filter>Source Files\SDK\FileManager</Filter>
    </ClCompile>
    <ClCompile Include="SDK\FileManager\AimpServiceFileSystems.cpp">
      <Filter>Source Files\SDK\FileManager</Filter>
    </ClCompile>
    <ClCompile Include="SDK\FileManager\AimpVirtualFile.cpp">
      <Filter>Source Files\SDK\FileManager</Filter>
    </ClCompile>
    <ClCompile Include="SDK\FileManager\InternalAimpExtensionFileSystem.cpp">
      <Filter>Source Files\SDK\FileManager</Filter>
    </ClCompile>
    <ClCompile Include="SDK\Action\AimpActionManager.cpp">
      <Filter>Source Files\SDK\Action</Filter>
    </ClCompile>
    <ClCompile Include="SDK\AlbumArt\AimpAlbumArtManager.cpp">
      <Filter>Source Files\SDK\AlbumArt</Filter>
    </ClCompile>
    <ClCompile Include="SDK\AlbumArt\AimpAlbumArtSearchOptions.cpp">
      <Filter>Source Files\SDK\AlbumArt</Filter>
    </ClCompile>
    <ClCompile Include="SDK\Configuration\AimpConfigurationManager.cpp">
      <Filter>Source Files\SDK\Configuration</Filter>
    </ClCompile>
    <ClCompile Include="SDK\Menu\AimpMenuManager.cpp">
      <Filter>Source Files\SDK\Menu</Filter>
    </ClCompile>
    <ClCompile Include="SDK\Menu\MenuItemEvent.cpp">
      <Filter>Source Files\SDK\Menu</Filter>
    </ClCompile>
    <ClCompile Include="SDK\FileManager\InternalAimpExtensionFileInfoProvider.cpp">
      <Filter>Source Files\SDK\FileManager</Filter>
    </ClCompile>
    <ClCompile Include="SDK\MUI\MUIManager.cpp">
      <Filter>Source Files\SDK\MUI</Filter>
    </ClCompile>
    <ClCompile Include="SDK\Menu\AimpMenuItem.cpp">
      <Filter>Source Files\SDK\Menu</Filter>
    </ClCompile>
    <ClCompile Include="SDK\FileManager\AimpServiceFileStreaming.cpp">
      <Filter>Source Files\SDK\FileManager</Filter>
    </ClCompile>
    <ClCompile Include="SDK\Options\AimpOptionsDialogFrame.cpp">
      <Filter>Source Files\SDK\Options</Filter>
    </ClCompile>
    <ClCompile Include="SDK\Options\AimpServiceOptionsDialog.cpp">
      <Filter>Source Files\SDK\Options</Filter>
    </ClCompile>
    <ClCompile Include="SDK\Options\OptionsDialogFrameExtension.cpp">
      <Filter>Source Files\SDK\Options</Filter>
    </ClCompile>
    <ClCompile Include="SDK\Playback\AimpPlaybackQueueItem.cpp">
      <Filter>Source Files\SDK\Playback</Filter>
    </ClCompile>
    <ClCompile Include="SDK\Playback\AimpServicePlaybackQueue.cpp">
      <Filter>Source Files\SDK\Playback</Filter>
    </ClCompile>
    <ClCompile Include="SDK\PlayList\AimpPlayList.cpp">
      <Filter>Source Files\SDK\PlayList</Filter>
    </ClCompile>
    <ClCompile Include="SDK\PlayList\AimpPlayListGroup.cpp">
      <Filter>Source Files\SDK\PlayList</Filter>
    </ClCompile>
    <ClCompile Include="SDK\PlayList\AimpPlayListItem.cpp">
      <Filter>Source Files\SDK\PlayList</Filter>
    </ClCompile>
    <ClCompile Include="SDK\PlayList\PlayListManager.cpp">
      <Filter>Source Files\SDK\PlayList</Filter>
    </ClCompile>
    <ClCompile Include="SDK\PlayList\AimpPlaylistQueueListener.cpp">
      <Filter>Source Files\SDK\PlayList</Filter>
    </ClCompile>
    <ClCompile Include="SDK\PlayList\AimpPlayListQueue.cpp">
      <Filter>Source Files\SDK\PlayList</Filter>
    </ClCompile>
    <ClCompile Include="SDK\Threading\AimpServiceSynchronizer.cpp">
      <Filter>Source Files\SDK\Threading</Filter>
    </ClCompile>
    <ClCompile Include="SDK\Threading\AimpServiceThreadPool.cpp">
      <Filter>Source Files\SDK\Threading</Filter>
    </ClCompile>
    <ClCompile Include="SDK\Threading\InternalAimpTask.cpp">
      <Filter>Source Files\SDK\Threading</Filter>
    </ClCompile>
    <ClCompile Include="SDK\Threading\AimpTaskOwner.cpp">
      <Filter>Source Files\SDK\Threading</Filter>
    </ClCompile>
    <ClCompile Include="SDK\Visuals\AimpExtensionEmbeddedVisualization.cpp">
      <Filter>Source Files\SDK\Visuals</Filter>
    </ClCompile>
    <ClCompile Include="SDK\Visuals\AimpExtensionCustomVisualization.cpp">
      <Filter>Source Files\SDK\Visuals</Filter>
    </ClCompile>
    <ClCompile Include="SDK\Win32\Win32Manager.cpp">
      <Filter>Source Files\SDK\Win32</Filter>
    </ClCompile>
    <ClCompile Include="SDK\AlbumArt\AimpExtensionAlbumArtCatalog.cpp">
      <Filter>Source Files\SDK\AlbumArt</Filter>
    </ClCompile>
    <ClCompile Include="SDK\AlbumArt\AimpExtensionAlbumArtProvider.cpp">
      <Filter>Source Files\SDK\AlbumArt</Filter>
    </ClCompile>
    <ClCompile Include="SDK\Visuals\AimpServiceVisualizations.cpp">
      <Filter>Source Files\SDK\Visuals</Filter>
    </ClCompile>
    <ClCompile Include="SDK\PlayList\AimpExtensionPlaylistManagerListener.cpp">
      <Filter>Source Files\SDK\PlayList</Filter>
    </ClCompile>
    <ClCompile Include="SDK\AimpConverter.cpp">
      <Filter>Source Files\SDK</Filter>
    </ClCompile>
  </ItemGroup>
  <ItemGroup>
    <ClInclude Include="DotNetPlugin.h">
      <Filter>Header Files</Filter>
    </ClInclude>
    <ClInclude Include="Stdafx.h">
      <Filter>Header Files</Filter>
    </ClInclude>
    <ClInclude Include="IUnknownInterfaceImpl.h">
      <Filter>Header Files</Filter>
    </ClInclude>
    <ClInclude Include="SDK\AimpPlayer.h">
      <Filter>SDK</Filter>
    </ClInclude>
    <ClInclude Include="SDK\ManagedAimpCore.h">
      <Filter>SDK</Filter>
    </ClInclude>
    <ClInclude Include="AimpSdk.h">
      <Filter>SDK</Filter>
    </ClInclude>
    <ClInclude Include="SDK\AimpExtensionBase.h">
      <Filter>SDK</Filter>
    </ClInclude>
    <ClInclude Include="SDK\BaseManager.h">
      <Filter>SDK</Filter>
    </ClInclude>
    <ClInclude Include="SDK\AimpCore.h">
      <Filter>SDK</Filter>
    </ClInclude>
    <ClInclude Include="SDK\AimpObject.h">
      <Filter>SDK</Filter>
    </ClInclude>
    <ClInclude Include="Utils.h">
      <Filter>Header Files</Filter>
    </ClInclude>
    <ClInclude Include="resource.h">
      <Filter>Header Files</Filter>
    </ClInclude>
    <ClInclude Include="AIMPSDK\AIMP400\apiActions.h">
      <Filter>Header Files\AIMPSDK\AIMP4</Filter>
    </ClInclude>
    <ClInclude Include="AIMPSDK\AIMP400\apiAlbumArt.h">
      <Filter>Header Files\AIMPSDK\AIMP4</Filter>
    </ClInclude>
    <ClInclude Include="AIMPSDK\AIMP400\apiCore.h">
      <Filter>Header Files\AIMPSDK\AIMP4</Filter>
    </ClInclude>
    <ClInclude Include="AIMPSDK\AIMP400\apiDecoders.h">
      <Filter>Header Files\AIMPSDK\AIMP4</Filter>
    </ClInclude>
    <ClInclude Include="AIMPSDK\AIMP400\apiFileManager.h">
      <Filter>Header Files\AIMPSDK\AIMP4</Filter>
    </ClInclude>
    <ClInclude Include="AIMPSDK\AIMP400\apiInternet.h">
      <Filter>Header Files\AIMPSDK\AIMP4</Filter>
    </ClInclude>
    <ClInclude Include="AIMPSDK\AIMP400\apiMenu.h">
      <Filter>Header Files\AIMPSDK\AIMP4</Filter>
    </ClInclude>
    <ClInclude Include="AIMPSDK\AIMP400\apiMessages.h">
      <Filter>Header Files\AIMPSDK\AIMP4</Filter>
    </ClInclude>
    <ClInclude Include="AIMPSDK\AIMP400\apiMUI.h">
      <Filter>Header Files\AIMPSDK\AIMP4</Filter>
    </ClInclude>
    <ClInclude Include="AIMPSDK\AIMP400\apiObjects.h">
      <Filter>Header Files\AIMPSDK\AIMP4</Filter>
    </ClInclude>
    <ClInclude Include="AIMPSDK\AIMP400\apiOptions.h">
      <Filter>Header Files\AIMPSDK\AIMP4</Filter>
    </ClInclude>
    <ClInclude Include="AIMPSDK\AIMP400\apiPlayer.h">
      <Filter>Header Files\AIMPSDK\AIMP4</Filter>
    </ClInclude>
    <ClInclude Include="AIMPSDK\AIMP400\apiPlaylists.h">
      <Filter>Header Files\AIMPSDK\AIMP4</Filter>
    </ClInclude>
    <ClInclude Include="AIMPSDK\AIMP400\apiPlugin.h">
      <Filter>Header Files\AIMPSDK\AIMP4</Filter>
    </ClInclude>
    <ClInclude Include="AIMPSDK\AIMP400\apiRemote.h">
      <Filter>Header Files\AIMPSDK\AIMP4</Filter>
    </ClInclude>
    <ClInclude Include="AIMPSDK\AIMP400\apiScheduler.h">
      <Filter>Header Files\AIMPSDK\AIMP4</Filter>
    </ClInclude>
    <ClInclude Include="AIMPSDK\AIMP400\apiSkins.h">
      <Filter>Header Files\AIMPSDK\AIMP4</Filter>
    </ClInclude>
    <ClInclude Include="AIMPSDK\AIMP400\apiTagEditor.h">
      <Filter>Header Files\AIMPSDK\AIMP4</Filter>
    </ClInclude>
    <ClInclude Include="AIMPSDK\AIMP400\apiThreading.h">
      <Filter>Header Files\AIMPSDK\AIMP4</Filter>
    </ClInclude>
    <ClInclude Include="AIMPSDK\AIMP400\apiVisuals.h">
      <Filter>Header Files\AIMPSDK\AIMP4</Filter>
    </ClInclude>
    <ClInclude Include="SDK\PlayList\IPlayListQueueEventExecutor.h">
      <Filter>Header Files</Filter>
    </ClInclude>
    <ClInclude Include="SDK\AimpPropertyList.h">
      <Filter>Header Files</Filter>
    </ClInclude>
    <ClInclude Include="SDK\AimpObjectList.h">
      <Filter>Header Files</Filter>
    </ClInclude>
    <ClInclude Include="SDK\MusicLibrary\AimpDataStorageManager.h">
      <Filter>Header Files\SDK\MusicLibrary</Filter>
    </ClInclude>
    <ClInclude Include="SDK\MusicLibrary\AimpDataStorage.h">
      <Filter>Header Files\SDK\MusicLibrary</Filter>
    </ClInclude>
    <ClInclude Include="SDK\MusicLibrary\AimpDataFilterGroup.h">
      <Filter>Header Files\SDK\MusicLibrary</Filter>
    </ClInclude>
    <ClInclude Include="SDK\MusicLibrary\AimpDataFilter.h">
      <Filter>Header Files\SDK\MusicLibrary</Filter>
    </ClInclude>
    <ClInclude Include="SDK\MusicLibrary\AimpDataFieldFilter.h">
      <Filter>Header Files\SDK\MusicLibrary</Filter>
    </ClInclude>
    <ClInclude Include="SDK\MusicLibrary\AimpExtensionDataStorage.h">
      <Filter>Header Files\SDK\MusicLibrary</Filter>
    </ClInclude>
    <ClInclude Include="SDK\MusicLibrary\AimpGroupingPreset.h">
      <Filter>Header Files\SDK\MusicLibrary</Filter>
    </ClInclude>
    <ClInclude Include="SDK\MusicLibrary\AimpGroupingPresets.h">
      <Filter>Header Files\SDK\MusicLibrary</Filter>
    </ClInclude>
    <ClInclude Include="SDK\MusicLibrary\AimpGroupingPresetStandard.h">
      <Filter>Header Files\SDK\MusicLibrary</Filter>
    </ClInclude>
    <ClInclude Include="AIMPSDK\AIMP400\apiMusicLibrary.h">
      <Filter>Header Files\SDK\MusicLibrary</Filter>
    </ClInclude>
    <ClInclude Include="SDK\MusicLibrary\AimpServiceMusicLibrary.h">
      <Filter>Header Files\SDK\MusicLibrary</Filter>
    </ClInclude>
    <ClInclude Include="SDK\MusicLibrary\AimpServiceMusicLibraryUI.h">
      <Filter>Header Files\SDK\MusicLibrary</Filter>
    </ClInclude>
    <ClInclude Include="SDK\MusicLibrary\AimpDataFieldFilterByArray.h">
      <Filter>Header Files\SDK\MusicLibrary</Filter>
    </ClInclude>
    <ClInclude Include="SDK\AimpStream.h">
      <Filter>Header Files</Filter>
    </ClInclude>
    <ClInclude Include="SDK\FileManager\AimpServiceFileStreaming.h">
      <Filter>Header Files</Filter>
    </ClInclude>
    <ClInclude Include="SDK\MusicLibrary\InternalAimpGroupingTreeDataProviderSelection.h">
      <Filter>Header Files\SDK\MusicLibrary</Filter>
    </ClInclude>
    <ClInclude Include="SDK\MusicLibrary\InternalAimpGroupingTreeDataProvider.h">
      <Filter>Header Files\SDK\MusicLibrary</Filter>
    </ClInclude>
    <ClInclude Include="SDK\MusicLibrary\InternalAimpDataProviderSelection.h">
      <Filter>Header Files\SDK\MusicLibrary</Filter>
    </ClInclude>
    <ClInclude Include="SDK\MusicLibrary\AimpGroupingTreeSelection.h">
      <Filter>Header Files\SDK\MusicLibrary</Filter>
    </ClInclude>
    <ClInclude Include="SDK\MusicLibrary\AimpDataField.h">
      <Filter>Header Files\SDK\MusicLibrary</Filter>
    </ClInclude>
    <ClInclude Include="SDK\MusicLibrary\AimpFileList.h">
      <Filter>Header Files\SDK\MusicLibrary</Filter>
    </ClInclude>
    <ClInclude Include="SDK\MusicLibrary\Stdafx.h">
      <Filter>Header Files\SDK\MusicLibrary</Filter>
    </ClInclude>
    <ClInclude Include="SDK\PropertyListHelper.h">
      <Filter>Header Files\SDK</Filter>
    </ClInclude>
    <ClInclude Include="SDK\Stdafx.h">
      <Filter>Header Files\SDK</Filter>
    </ClInclude>
    <ClInclude Include="AIMPSDK\AIMPSDK.h">
      <Filter>Header Files\SDK</Filter>
    </ClInclude>
    <ClInclude Include="SDK\FileManager\Commands\InternalAimpFileSystemCommandCopyToClipboard.h">
      <Filter>Header Files\SDK\FileManager\Commands</Filter>
    </ClInclude>
    <ClInclude Include="SDK\FileManager\Commands\InternalAimpFileSystemCommandDelete.h">
      <Filter>Header Files\SDK\FileManager\Commands</Filter>
    </ClInclude>
    <ClInclude Include="SDK\FileManager\Commands\InternalAimpFileSystemCommandDropSource.h">
      <Filter>Header Files\SDK\FileManager\Commands</Filter>
    </ClInclude>
    <ClInclude Include="SDK\FileManager\Commands\InternalAimpFileSystemCommandFileInfo.h">
      <Filter>Header Files\SDK\FileManager\Commands</Filter>
    </ClInclude>
    <ClInclude Include="SDK\FileManager\Commands\InternalAimpFileSystemCommandOpenFileFolder.h">
      <Filter>Header Files\SDK\FileManager\Commands</Filter>
    </ClInclude>
    <ClInclude Include="SDK\FileManager\Commands\InternalAimpFileSystemCommandStreaming.h">
      <Filter>Header Files\SDK\FileManager\Commands</Filter>
    </ClInclude>
    <ClInclude Include="SDK\FileManager\Commands\InternalAimpFileSystemCustomFileCommand.h">
      <Filter>Header Files\SDK\FileManager\Commands</Filter>
    </ClInclude>
    <ClInclude Include="SDK\FileManager\Commands\Stdafx.h">
      <Filter>Header Files\SDK\FileManager\Commands</Filter>
    </ClInclude>
    <ClInclude Include="SDK\FileManager\Commands\AimpFileSystemCommandFileInfo.h">
      <Filter>Header Files\SDK\FileManager\Commands</Filter>
    </ClInclude>
    <ClInclude Include="SDK\FileManager\AimpServiceFileFormats.h">
      <Filter>Header Files\SDK\FileManager</Filter>
    </ClInclude>
    <ClInclude Include="SDK\FileManager\AimpServiceFileInfo.h">
      <Filter>Header Files\SDK\FileManager</Filter>
    </ClInclude>
    <ClInclude Include="SDK\FileManager\AimpServiceFileSystems.h">
      <Filter>Header Files\SDK\FileManager</Filter>
    </ClInclude>
    <ClInclude Include="SDK\FileManager\AimpVirtualFile.h">
      <Filter>Header Files\SDK\FileManager</Filter>
    </ClInclude>
    <ClInclude Include="SDK\FileManager\InternalAimpExtensionFileSystem.h">
      <Filter>Header Files\SDK\FileManager</Filter>
    </ClInclude>
    <ClInclude Include="SDK\FileManager\Stdafx.h">
      <Filter>Header Files\SDK\FileManager</Filter>
    </ClInclude>
    <ClInclude Include="SDK\Action\AimpActionManager.h">
      <Filter>Header Files\SDK\Action</Filter>
    </ClInclude>
    <ClInclude Include="SDK\AlbumArt\AimpAlbumArtManager.h">
      <Filter>Header Files\SDK\AlbumArt</Filter>
    </ClInclude>
    <ClInclude Include="SDK\AlbumArt\AimpAlbumArtSearchOptions.h">
      <Filter>Header Files\SDK\AlbumArt</Filter>
    </ClInclude>
    <ClInclude Include="SDK\AlbumArt\Stdafx.h">
      <Filter>Header Files\SDK\AlbumArt</Filter>
    </ClInclude>
    <ClInclude Include="SDK\Configuration\AimpConfigurationManager.h">
      <Filter>Header Files\SDK\Configuration</Filter>
    </ClInclude>
    <ClInclude Include="SDK\Configuration\Stdafx.h">
      <Filter>Header Files\SDK\Configuration</Filter>
    </ClInclude>
    <ClInclude Include="AIMPSDK\AIMP400\apiGUI.h">
      <Filter>Header Files\AIMPSDK\AIMP4</Filter>
    </ClInclude>
    <ClInclude Include="SDK\Menu\MenuItemEvent.h">
      <Filter>Header Files\SDK\Menu</Filter>
    </ClInclude>
    <ClInclude Include="SDK\Menu\ICallBackHeader.h">
      <Filter>Header Files\SDK\Menu</Filter>
    </ClInclude>
    <ClInclude Include="SDK\Menu\AimpMenuManager.h">
      <Filter>Header Files\SDK\Menu</Filter>
    </ClInclude>
    <ClInclude Include="SDK\Menu\AimpMenuItem.h">
      <Filter>Header Files\SDK\Menu</Filter>
    </ClInclude>
    <ClInclude Include="SDK\Menu\Stdafx.h">
      <Filter>Header Files\SDK\Menu</Filter>
    </ClInclude>
    <ClInclude Include="SDK\MUI\Stdafx.h">
      <Filter>Header Files\SDK\MUI</Filter>
    </ClInclude>
    <ClInclude Include="SDK\MUI\MUIManager.h">
      <Filter>Header Files\SDK\MUI</Filter>
    </ClInclude>
    <ClInclude Include="SDK\FileManager\InternalAimpExtensionFileInfoProvider.h">
      <Filter>Header Files\SDK\FileManager</Filter>
    </ClInclude>
    <ClInclude Include="SDK\FileManager\AimpFileInfo.h">
      <Filter>Header Files\SDK\FileManager</Filter>
    </ClInclude>
    <ClInclude Include="SDK\Options\AimpOptionsDialogFrame.h">
      <Filter>Header Files\SDK\Options</Filter>
    </ClInclude>
    <ClInclude Include="SDK\Options\AimpServiceOptionsDialog.h">
      <Filter>Header Files\SDK\Options</Filter>
    </ClInclude>
    <ClInclude Include="SDK\Options\Stdafx.h">
      <Filter>Header Files\SDK\Options</Filter>
    </ClInclude>
    <ClInclude Include="SDK\Options\OptionsDialogFrameExtension.h">
      <Filter>Header Files\SDK\Options</Filter>
    </ClInclude>
    <ClInclude Include="SDK\Playback\Stdafx.h">
      <Filter>Header Files\SDK\Playback</Filter>
    </ClInclude>
    <ClInclude Include="SDK\Playback\AimpPlaybackQueueItem.h">
      <Filter>Header Files\SDK\Playback</Filter>
    </ClInclude>
    <ClInclude Include="SDK\Playback\AimpServicePlaybackQueue.h">
      <Filter>Header Files\SDK\Playback</Filter>
    </ClInclude>
    <ClInclude Include="SDK\PlayList\AimpPlayList.h">
      <Filter>Header Files\SDK\PlayList</Filter>
    </ClInclude>
    <ClInclude Include="SDK\PlayList\AimpPlayListGroup.h">
      <Filter>Header Files\SDK\PlayList</Filter>
    </ClInclude>
    <ClInclude Include="SDK\PlayList\AimpPlayListItem.h">
      <Filter>Header Files\SDK\PlayList</Filter>
    </ClInclude>
    <ClInclude Include="SDK\PlayList\AimpPlayListQueue.h">
      <Filter>Header Files\SDK\PlayList</Filter>
    </ClInclude>
    <ClInclude Include="SDK\PlayList\AimpPlaylistQueueListener.h">
      <Filter>Header Files\SDK\PlayList</Filter>
    </ClInclude>
    <ClInclude Include="SDK\PlayList\PlayListManager.h">
      <Filter>Header Files\SDK\PlayList</Filter>
    </ClInclude>
    <ClInclude Include="SDK\PlayList\Stdafx.h">
      <Filter>Header Files\SDK\PlayList</Filter>
    </ClInclude>
    <ClInclude Include="SDK\Threading\AimpServiceSynchronizer.h">
      <Filter>Header Files\SDK\Threading</Filter>
    </ClInclude>
    <ClInclude Include="SDK\Threading\InternalAimpTask.h">
      <Filter>Header Files\SDK\Threading</Filter>
    </ClInclude>
    <ClInclude Include="SDK\Threading\AimpTaskOwner.h">
      <Filter>Header Files\SDK\Threading</Filter>
    </ClInclude>
    <ClInclude Include="SDK\Threading\AimpServiceThreadPool.h">
      <Filter>Header Files\SDK\Threading</Filter>
    </ClInclude>
    <ClInclude Include="SDK\Action\Stdafx.h">
      <Filter>Header Files\SDK\Action</Filter>
    </ClInclude>
    <ClInclude Include="SDK\Threading\Stdafx.h">
      <Filter>Header Files\SDK\Threading</Filter>
    </ClInclude>
    <ClInclude Include="SDK\Visuals\AimpServiceVisualizations.h">
      <Filter>Header Files\SDK\Visuals</Filter>
    </ClInclude>
    <ClInclude Include="SDK\Visuals\Stdafx.h">
      <Filter>Header Files\SDK\Visuals</Filter>
    </ClInclude>
    <ClInclude Include="SDK\Visuals\AimpExtensionEmbeddedVisualization.h">
      <Filter>Header Files\SDK\Visuals</Filter>
    </ClInclude>
    <ClInclude Include="SDK\Visuals\AimpExtensionCustomVisualization.h">
      <Filter>Header Files\SDK\Visuals</Filter>
    </ClInclude>
    <ClInclude Include="SDK\Win32\Win32Manager.h">
      <Filter>Header Files\SDK\Win32</Filter>
    </ClInclude>
    <ClInclude Include="SDK\Win32\Stdafx.h">
      <Filter>Header Files\SDK\Win32</Filter>
    </ClInclude>
    <ClInclude Include="SDK\AlbumArt\AimpExtensionAlbumArtCatalog.h">
      <Filter>Header Files\SDK\AlbumArt</Filter>
    </ClInclude>
    <ClInclude Include="SDK\AlbumArt\AimpExtensionAlbumArtProvider.h">
      <Filter>Header Files\SDK\AlbumArt</Filter>
    </ClInclude>
    <ClInclude Include="SDK\PlayList\AimpExtensionPlaylistManagerListener.h">
      <Filter>Header Files</Filter>
    </ClInclude>
    <ClInclude Include="SDK\AimpConverter.h">
      <Filter>Header Files\SDK</Filter>
    </ClInclude>
  </ItemGroup>
  <ItemGroup>
    <ResourceCompile Include="aimp_dotnet.rc">
      <Filter>Resource Files</Filter>
    </ResourceCompile>
  </ItemGroup>
  <ItemGroup>
    <None Include="AIMP_Exports.def">
      <Filter>Source Files</Filter>
    </None>
  </ItemGroup>
</Project>