
Microsoft Visual Studio Solution File, Format Version 12.00
# Visual Studio Version 16
VisualStudioVersion = 16.0.29920.165
MinimumVisualStudioVersion = 10.0.40219.1
Project("{9A19103F-16F7-4668-BE54-9A1E7A4F7556}") = "build", "build.csproj", "{757B59DC-76D0-46CA-BC55-28E10436A8B8}"
EndProject
Global
	GlobalSection(SolutionConfigurationPlatforms) = preSolution
		Debug|Any CPU = Debug|Any CPU
		Release|Any CPU = Release|Any CPU
	EndGlobalSection
	GlobalSection(ProjectConfigurationPlatforms) = postSolution
		{757B59DC-76D0-46CA-BC55-28E10436A8B8}.Debug|Any CPU.ActiveCfg = Debug|Any CPU
		{757B59DC-76D0-46CA-BC55-28E10436A8B8}.Release|Any CPU.ActiveCfg = Release|Any CPU
		{757B59DC-76D0-46CA-BC55-28E10436A8B8}.Release|Any CPU.Build.0 = Release|Any CPU
	EndGlobalSection
	GlobalSection(SolutionProperties) = preSolution
		HideSolutionNode = FALSE
	EndGlobalSection
	GlobalSection(ExtensibilityGlobals) = postSolution
		SolutionGuid = {6902ADC3-B961-4B36-9D71-65A116F01C25}
	EndGlobalSection
EndGlobal
