
Microsoft Visual Studio Solution File, Format Version 12.00
# Visual Studio 15
VisualStudioVersion = 15.0.26430.14
MinimumVisualStudioVersion = 10.0.40219.1
Project("{2150E333-8FDC-42A3-9474-1A3956D46DE8}") = "Plugins", "Plugins", "{56B57E6A-FD0A-4479-B8D9-149BBD6F9C73}"
EndProject
Project("{8BC9CEB8-8B4A-11D0-8D11-00A0C91BC942}") = "aimp_dotnet", "aimp_dotnet\Aimp_DotNetPlugin.vcxproj", "{8D30D1F5-1925-4926-83F2-F0B21B45646F}"
EndProject
Project("{FAE04EC0-301F-11D3-BF4B-00C04F79EFBC}") = "AIMP.SDK", "AIMP.SDK\AIMP.SDK.csproj", "{154C60CF-2DAE-4227-AD2C-CCE7C63CDE5A}"
EndProject
Project("{FAE04EC0-301F-11D3-BF4B-00C04F79EFBC}") = "dotnet_ExtendDialogWindow", "Plugins\dotnet_ExtendDialogWindow\dotnet_ExtendDialogWindow.csproj", "{8B2B3BD6-C90C-40FA-8655-CFE1CC12CBD3}"
	ProjectSection(ProjectDependencies) = postProject
		{8D30D1F5-1925-4926-83F2-F0B21B45646F} = {8D30D1F5-1925-4926-83F2-F0B21B45646F}
	EndProjectSection
EndProject
Project("{FAE04EC0-301F-11D3-BF4B-00C04F79EFBC}") = "dotnet_albumart", "Plugins\dotnet_albumart\dotnet_albumart.csproj", "{6961D299-1D2B-435E-8222-A82FF8EECA1C}"
	ProjectSection(ProjectDependencies) = postProject
		{8D30D1F5-1925-4926-83F2-F0B21B45646F} = {8D30D1F5-1925-4926-83F2-F0B21B45646F}
	EndProjectSection
EndProject
Project("{FAE04EC0-301F-11D3-BF4B-00C04F79EFBC}") = "dotnet_visual", "Plugins\dotnet_visual\dotnet_visual.csproj", "{CB62443E-69B5-43B3-9785-647CAA36D175}"
	ProjectSection(ProjectDependencies) = postProject
		{8D30D1F5-1925-4926-83F2-F0B21B45646F} = {8D30D1F5-1925-4926-83F2-F0B21B45646F}
	EndProjectSection
EndProject
Project("{FAE04EC0-301F-11D3-BF4B-00C04F79EFBC}") = "dotnet_threading", "Plugins\dotnet_threading\dotnet_threading.csproj", "{E9D9E53D-40D5-4965-9770-FAADF73CEEEA}"
	ProjectSection(ProjectDependencies) = postProject
		{8D30D1F5-1925-4926-83F2-F0B21B45646F} = {8D30D1F5-1925-4926-83F2-F0B21B45646F}
	EndProjectSection
EndProject
Project("{FAE04EC0-301F-11D3-BF4B-00C04F79EFBC}") = "dotnet_musiclibrary", "Plugins\dotnet_musiclibrary\dotnet_musiclibrary.csproj", "{9C155223-D1C5-4943-A4E6-02131544E5FD}"
	ProjectSection(ProjectDependencies) = postProject
		{8D30D1F5-1925-4926-83F2-F0B21B45646F} = {8D30D1F5-1925-4926-83F2-F0B21B45646F}
	EndProjectSection
EndProject
Project("{2150E333-8FDC-42A3-9474-1A3956D46DE8}") = "SolutionItems", "SolutionItems", "{E560656D-14CC-48E6-A94E-9992D99B5BA0}"
	ProjectSection(SolutionItems) = preProject
		CopyPlugin.cmd = CopyPlugin.cmd
	EndProjectSection
EndProject
Project("{FAE04EC0-301F-11D3-BF4B-00C04F79EFBC}") = "dotnet_demo", "Plugins\dotnet_demo\dotnet_demo.csproj", "{72CBA5F8-494D-4EEB-803B-7D1802A91D4A}"
	ProjectSection(ProjectDependencies) = postProject
		{8D30D1F5-1925-4926-83F2-F0B21B45646F} = {8D30D1F5-1925-4926-83F2-F0B21B45646F}
	EndProjectSection
EndProject
Global
	GlobalSection(SolutionConfigurationPlatforms) = preSolution
		Debug|Any CPU = Debug|Any CPU
		Debug|x86 = Debug|x86
		Release|Any CPU = Release|Any CPU
		Release|x86 = Release|x86
	EndGlobalSection
	GlobalSection(ProjectConfigurationPlatforms) = postSolution
		{8D30D1F5-1925-4926-83F2-F0B21B45646F}.Debug|Any CPU.ActiveCfg = Debug|Win32
		{8D30D1F5-1925-4926-83F2-F0B21B45646F}.Debug|x86.ActiveCfg = Debug|Win32
		{8D30D1F5-1925-4926-83F2-F0B21B45646F}.Debug|x86.Build.0 = Debug|Win32
		{8D30D1F5-1925-4926-83F2-F0B21B45646F}.Release|Any CPU.ActiveCfg = Release|Win32
		{8D30D1F5-1925-4926-83F2-F0B21B45646F}.Release|x86.ActiveCfg = Release|Win32
		{8D30D1F5-1925-4926-83F2-F0B21B45646F}.Release|x86.Build.0 = Release|Win32
		{154C60CF-2DAE-4227-AD2C-CCE7C63CDE5A}.Debug|Any CPU.ActiveCfg = Debug|Any CPU
		{154C60CF-2DAE-4227-AD2C-CCE7C63CDE5A}.Debug|Any CPU.Build.0 = Debug|Any CPU
		{154C60CF-2DAE-4227-AD2C-CCE7C63CDE5A}.Debug|x86.ActiveCfg = Debug|Any CPU
		{154C60CF-2DAE-4227-AD2C-CCE7C63CDE5A}.Debug|x86.Build.0 = Debug|Any CPU
		{154C60CF-2DAE-4227-AD2C-CCE7C63CDE5A}.Release|Any CPU.ActiveCfg = Release|Any CPU
		{154C60CF-2DAE-4227-AD2C-CCE7C63CDE5A}.Release|Any CPU.Build.0 = Release|Any CPU
		{154C60CF-2DAE-4227-AD2C-CCE7C63CDE5A}.Release|x86.ActiveCfg = Release|Any CPU
		{154C60CF-2DAE-4227-AD2C-CCE7C63CDE5A}.Release|x86.Build.0 = Release|Any CPU
		{8B2B3BD6-C90C-40FA-8655-CFE1CC12CBD3}.Debug|Any CPU.ActiveCfg = Debug|Any CPU
		{8B2B3BD6-C90C-40FA-8655-CFE1CC12CBD3}.Debug|Any CPU.Build.0 = Debug|Any CPU
		{8B2B3BD6-C90C-40FA-8655-CFE1CC12CBD3}.Debug|x86.ActiveCfg = Debug|Any CPU
		{8B2B3BD6-C90C-40FA-8655-CFE1CC12CBD3}.Debug|x86.Build.0 = Debug|Any CPU
		{8B2B3BD6-C90C-40FA-8655-CFE1CC12CBD3}.Release|Any CPU.ActiveCfg = Release|Any CPU
		{8B2B3BD6-C90C-40FA-8655-CFE1CC12CBD3}.Release|Any CPU.Build.0 = Release|Any CPU
		{8B2B3BD6-C90C-40FA-8655-CFE1CC12CBD3}.Release|x86.ActiveCfg = Release|Any CPU
		{8B2B3BD6-C90C-40FA-8655-CFE1CC12CBD3}.Release|x86.Build.0 = Release|Any CPU
		{6961D299-1D2B-435E-8222-A82FF8EECA1C}.Debug|Any CPU.ActiveCfg = Debug|Any CPU
		{6961D299-1D2B-435E-8222-A82FF8EECA1C}.Debug|Any CPU.Build.0 = Debug|Any CPU
		{6961D299-1D2B-435E-8222-A82FF8EECA1C}.Debug|x86.ActiveCfg = Debug|Any CPU
		{6961D299-1D2B-435E-8222-A82FF8EECA1C}.Debug|x86.Build.0 = Debug|Any CPU
		{6961D299-1D2B-435E-8222-A82FF8EECA1C}.Release|Any CPU.ActiveCfg = Release|Any CPU
		{6961D299-1D2B-435E-8222-A82FF8EECA1C}.Release|Any CPU.Build.0 = Release|Any CPU
		{6961D299-1D2B-435E-8222-A82FF8EECA1C}.Release|x86.ActiveCfg = Release|Any CPU
		{6961D299-1D2B-435E-8222-A82FF8EECA1C}.Release|x86.Build.0 = Release|Any CPU
		{CB62443E-69B5-43B3-9785-647CAA36D175}.Debug|Any CPU.ActiveCfg = Debug|Any CPU
		{CB62443E-69B5-43B3-9785-647CAA36D175}.Debug|Any CPU.Build.0 = Debug|Any CPU
		{CB62443E-69B5-43B3-9785-647CAA36D175}.Debug|x86.ActiveCfg = Debug|Any CPU
		{CB62443E-69B5-43B3-9785-647CAA36D175}.Debug|x86.Build.0 = Debug|Any CPU
		{CB62443E-69B5-43B3-9785-647CAA36D175}.Release|Any CPU.ActiveCfg = Release|Any CPU
		{CB62443E-69B5-43B3-9785-647CAA36D175}.Release|Any CPU.Build.0 = Release|Any CPU
		{CB62443E-69B5-43B3-9785-647CAA36D175}.Release|x86.ActiveCfg = Release|Any CPU
		{CB62443E-69B5-43B3-9785-647CAA36D175}.Release|x86.Build.0 = Release|Any CPU
		{E9D9E53D-40D5-4965-9770-FAADF73CEEEA}.Debug|Any CPU.ActiveCfg = Debug|Any CPU
		{E9D9E53D-40D5-4965-9770-FAADF73CEEEA}.Debug|Any CPU.Build.0 = Debug|Any CPU
		{E9D9E53D-40D5-4965-9770-FAADF73CEEEA}.Debug|x86.ActiveCfg = Debug|Any CPU
		{E9D9E53D-40D5-4965-9770-FAADF73CEEEA}.Debug|x86.Build.0 = Debug|Any CPU
		{E9D9E53D-40D5-4965-9770-FAADF73CEEEA}.Release|Any CPU.ActiveCfg = Release|Any CPU
		{E9D9E53D-40D5-4965-9770-FAADF73CEEEA}.Release|Any CPU.Build.0 = Release|Any CPU
		{E9D9E53D-40D5-4965-9770-FAADF73CEEEA}.Release|x86.ActiveCfg = Release|Any CPU
		{E9D9E53D-40D5-4965-9770-FAADF73CEEEA}.Release|x86.Build.0 = Release|Any CPU
		{9C155223-D1C5-4943-A4E6-02131544E5FD}.Debug|Any CPU.ActiveCfg = Debug|Any CPU
		{9C155223-D1C5-4943-A4E6-02131544E5FD}.Debug|Any CPU.Build.0 = Debug|Any CPU
		{9C155223-D1C5-4943-A4E6-02131544E5FD}.Debug|x86.ActiveCfg = Debug|Any CPU
		{9C155223-D1C5-4943-A4E6-02131544E5FD}.Debug|x86.Build.0 = Debug|Any CPU
		{9C155223-D1C5-4943-A4E6-02131544E5FD}.Release|Any CPU.ActiveCfg = Release|Any CPU
		{9C155223-D1C5-4943-A4E6-02131544E5FD}.Release|Any CPU.Build.0 = Release|Any CPU
		{9C155223-D1C5-4943-A4E6-02131544E5FD}.Release|x86.ActiveCfg = Release|Any CPU
		{9C155223-D1C5-4943-A4E6-02131544E5FD}.Release|x86.Build.0 = Release|Any CPU
		{72CBA5F8-494D-4EEB-803B-7D1802A91D4A}.Debug|Any CPU.ActiveCfg = Debug|Any CPU
		{72CBA5F8-494D-4EEB-803B-7D1802A91D4A}.Debug|Any CPU.Build.0 = Debug|Any CPU
		{72CBA5F8-494D-4EEB-803B-7D1802A91D4A}.Debug|x86.ActiveCfg = Debug|Any CPU
		{72CBA5F8-494D-4EEB-803B-7D1802A91D4A}.Debug|x86.Build.0 = Debug|Any CPU
		{72CBA5F8-494D-4EEB-803B-7D1802A91D4A}.Release|Any CPU.ActiveCfg = Release|Any CPU
		{72CBA5F8-494D-4EEB-803B-7D1802A91D4A}.Release|Any CPU.Build.0 = Release|Any CPU
		{72CBA5F8-494D-4EEB-803B-7D1802A91D4A}.Release|x86.ActiveCfg = Release|Any CPU
		{72CBA5F8-494D-4EEB-803B-7D1802A91D4A}.Release|x86.Build.0 = Release|Any CPU
	EndGlobalSection
	GlobalSection(SolutionProperties) = preSolution
		HideSolutionNode = FALSE
	EndGlobalSection
	GlobalSection(NestedProjects) = preSolution
		{8B2B3BD6-C90C-40FA-8655-CFE1CC12CBD3} = {56B57E6A-FD0A-4479-B8D9-149BBD6F9C73}
		{6961D299-1D2B-435E-8222-A82FF8EECA1C} = {56B57E6A-FD0A-4479-B8D9-149BBD6F9C73}
		{CB62443E-69B5-43B3-9785-647CAA36D175} = {56B57E6A-FD0A-4479-B8D9-149BBD6F9C73}
		{E9D9E53D-40D5-4965-9770-FAADF73CEEEA} = {56B57E6A-FD0A-4479-B8D9-149BBD6F9C73}
		{9C155223-D1C5-4943-A4E6-02131544E5FD} = {56B57E6A-FD0A-4479-B8D9-149BBD6F9C73}
		{72CBA5F8-494D-4EEB-803B-7D1802A91D4A} = {56B57E6A-FD0A-4479-B8D9-149BBD6F9C73}
	EndGlobalSection
EndGlobal
