
Microsoft Visual Studio Solution File, Format Version 12.00
# Visual Studio Version 17
VisualStudioVersion = 17.0.31912.275
MinimumVisualStudioVersion = 10.0.40219.1
Project("{2150E333-8FDC-42A3-9474-1A3956D46DE8}") = "Plugins", "Plugins", "{56B57E6A-FD0A-4479-B8D9-149BBD6F9C73}"
EndProject
Project("{FAE04EC0-301F-11D3-BF4B-00C04F79EFBC}") = "dotnet_ExtendDialogWindow", "Plugins\dotnet_ExtendDialogWindow\dotnet_ExtendDialogWindow.csproj", "{8B2B3BD6-C90C-40FA-8655-CFE1CC12CBD3}"
EndProject
Project("{FAE04EC0-301F-11D3-BF4B-00C04F79EFBC}") = "dotnet_albumart", "Plugins\dotnet_albumart\dotnet_albumart.csproj", "{6961D299-1D2B-435E-8222-A82FF8EECA1C}"
EndProject
Project("{FAE04EC0-301F-11D3-BF4B-00C04F79EFBC}") = "dotnet_visual", "Plugins\dotnet_visual\dotnet_visual.csproj", "{CB62443E-69B5-43B3-9785-647CAA36D175}"
EndProject
Project("{FAE04EC0-301F-11D3-BF4B-00C04F79EFBC}") = "dotnet_threading", "Plugins\dotnet_threading\dotnet_threading.csproj", "{E9D9E53D-40D5-4965-9770-FAADF73CEEEA}"
EndProject
Project("{FAE04EC0-301F-11D3-BF4B-00C04F79EFBC}") = "dotnet_musiclibrary", "Plugins\dotnet_musiclibrary\dotnet_musiclibrary.csproj", "{9C155223-D1C5-4943-A4E6-02131544E5FD}"
EndProject
Project("{2150E333-8FDC-42A3-9474-1A3956D46DE8}") = "SolutionItems", "SolutionItems", "{E560656D-14CC-48E6-A94E-9992D99B5BA0}"
	ProjectSection(SolutionItems) = preProject
		..\.gitlab-ci.yml = ..\.gitlab-ci.yml
		..\Nuget\AimpSDK-x64.nuspec = ..\Nuget\AimpSDK-x64.nuspec
		..\Nuget\AimpSDK.nuspec = ..\Nuget\AimpSDK.nuspec
		AssemblyInfo.cs = AssemblyInfo.cs
		..\tools\CopyPlugin.ps1 = ..\tools\CopyPlugin.ps1
		Tests\IntegrationTests\Directory.Build.targets = Tests\IntegrationTests\Directory.Build.targets
		..\GitVersion.yml = ..\GitVersion.yml
	EndProjectSection
EndProject
Project("{FAE04EC0-301F-11D3-BF4B-00C04F79EFBC}") = "dotnet_demo", "Plugins\dotnet_demo\dotnet_demo.csproj", "{72CBA5F8-494D-4EEB-803B-7D1802A91D4A}"
EndProject
Project("{FAE04EC0-301F-11D3-BF4B-00C04F79EFBC}") = "dotnet_SmartPlaylist", "Plugins\dotnet_SmartPlaylist\dotnet_SmartPlaylist.csproj", "{2B1CD6EA-5B3B-44FE-A242-F06C1D6A41F9}"
EndProject
Project("{FAE04EC0-301F-11D3-BF4B-00C04F79EFBC}") = "dotnet_CustomFileSystem", "Plugins\dotnet_CustomFileSystem\dotnet_CustomFileSystem.csproj", "{7AD77F60-D0F1-4241-A67D-0733EF4A5DEE}"
EndProject
Project("{2150E333-8FDC-42A3-9474-1A3956D46DE8}") = "IntegrationTest", "IntegrationTest", "{F16C4DCE-5A69-45D5-8C04-4DCFA76CD643}"
EndProject
Project("{9A19103F-16F7-4668-BE54-9A1E7A4F7556}") = "_build", "..\build\_build.csproj", "{1D813DFE-338B-4C36-AAB0-98D7C6A949CC}"
EndProject
Project("{2150E333-8FDC-42A3-9474-1A3956D46DE8}") = "build", "build", "{DABC64E2-6F5D-4E43-AF76-2B177C5E2353}"
EndProject
Project("{2150E333-8FDC-42A3-9474-1A3956D46DE8}") = "documentation", "documentation", "{89A24E88-861C-4ED0-AD54-F46BFAD29891}"
	ProjectSection(SolutionItems) = preProject
		..\docfx_project\.gitignore = ..\docfx_project\.gitignore
		..\docfx_project\docfx.json = ..\docfx_project\docfx.json
		..\docfx_project\docfx.template.json = ..\docfx_project\docfx.template.json
		..\docfx_project\index.md = ..\docfx_project\index.md
		..\docfx_project\projects.yml = ..\docfx_project\projects.yml
		..\docfx_project\toc.template.yml = ..\docfx_project\toc.template.yml
		..\docfx_project\toc.yml = ..\docfx_project\toc.yml
	EndProjectSection
EndProject
Project("{FAE04EC0-301F-11D3-BF4B-00C04F79EFBC}") = "AIMP.SDK", "SDK\AIMP.SDK\AIMP.SDK.csproj", "{154C60CF-2DAE-4227-AD2C-CCE7C63CDE5A}"
EndProject
Project("{8BC9CEB8-8B4A-11D0-8D11-00A0C91BC942}") = "aimp_dotnet", "SDK\aimp_dotnet\Aimp_DotNetPlugin.vcxproj", "{8D30D1F5-1925-4926-83F2-F0B21B45646F}"
EndProject
Project("{FAE04EC0-301F-11D3-BF4B-00C04F79EFBC}") = "AimpTestRunner", "Tests\IntegrationTests\AimpTestRunner.csproj", "{35DC3E20-FF8D-42B4-991A-85296A243FA1}"
EndProject
Global
	GlobalSection(SolutionConfigurationPlatforms) = preSolution
		Debug|Any CPU = Debug|Any CPU
		Debug|x64 = Debug|x64
		Debug|x86 = Debug|x86
		Release|Any CPU = Release|Any CPU
		Release|x64 = Release|x64
		Release|x86 = Release|x86
	EndGlobalSection
	GlobalSection(ProjectConfigurationPlatforms) = postSolution
		{8B2B3BD6-C90C-40FA-8655-CFE1CC12CBD3}.Debug|Any CPU.ActiveCfg = Debug|Any CPU
		{8B2B3BD6-C90C-40FA-8655-CFE1CC12CBD3}.Debug|Any CPU.Build.0 = Debug|Any CPU
		{8B2B3BD6-C90C-40FA-8655-CFE1CC12CBD3}.Debug|x64.ActiveCfg = Debug|x64
		{8B2B3BD6-C90C-40FA-8655-CFE1CC12CBD3}.Debug|x64.Build.0 = Debug|x64
		{8B2B3BD6-C90C-40FA-8655-CFE1CC12CBD3}.Debug|x86.ActiveCfg = Debug|x86
		{8B2B3BD6-C90C-40FA-8655-CFE1CC12CBD3}.Debug|x86.Build.0 = Debug|x86
		{8B2B3BD6-C90C-40FA-8655-CFE1CC12CBD3}.Release|Any CPU.ActiveCfg = Release|Any CPU
		{8B2B3BD6-C90C-40FA-8655-CFE1CC12CBD3}.Release|Any CPU.Build.0 = Release|Any CPU
		{8B2B3BD6-C90C-40FA-8655-CFE1CC12CBD3}.Release|x64.ActiveCfg = Release|x64
		{8B2B3BD6-C90C-40FA-8655-CFE1CC12CBD3}.Release|x64.Build.0 = Release|x64
		{8B2B3BD6-C90C-40FA-8655-CFE1CC12CBD3}.Release|x86.ActiveCfg = Release|x86
		{8B2B3BD6-C90C-40FA-8655-CFE1CC12CBD3}.Release|x86.Build.0 = Release|x86
		{6961D299-1D2B-435E-8222-A82FF8EECA1C}.Debug|Any CPU.ActiveCfg = Debug|Any CPU
		{6961D299-1D2B-435E-8222-A82FF8EECA1C}.Debug|Any CPU.Build.0 = Debug|Any CPU
		{6961D299-1D2B-435E-8222-A82FF8EECA1C}.Debug|x64.ActiveCfg = Debug|x64
		{6961D299-1D2B-435E-8222-A82FF8EECA1C}.Debug|x64.Build.0 = Debug|x64
		{6961D299-1D2B-435E-8222-A82FF8EECA1C}.Debug|x86.ActiveCfg = Debug|x86
		{6961D299-1D2B-435E-8222-A82FF8EECA1C}.Debug|x86.Build.0 = Debug|x86
		{6961D299-1D2B-435E-8222-A82FF8EECA1C}.Release|Any CPU.ActiveCfg = Release|Any CPU
		{6961D299-1D2B-435E-8222-A82FF8EECA1C}.Release|Any CPU.Build.0 = Release|Any CPU
		{6961D299-1D2B-435E-8222-A82FF8EECA1C}.Release|x64.ActiveCfg = Release|x64
		{6961D299-1D2B-435E-8222-A82FF8EECA1C}.Release|x64.Build.0 = Release|x64
		{6961D299-1D2B-435E-8222-A82FF8EECA1C}.Release|x86.ActiveCfg = Release|x86
		{6961D299-1D2B-435E-8222-A82FF8EECA1C}.Release|x86.Build.0 = Release|x86
		{CB62443E-69B5-43B3-9785-647CAA36D175}.Debug|Any CPU.ActiveCfg = Debug|Any CPU
		{CB62443E-69B5-43B3-9785-647CAA36D175}.Debug|Any CPU.Build.0 = Debug|Any CPU
		{CB62443E-69B5-43B3-9785-647CAA36D175}.Debug|x64.ActiveCfg = Debug|x64
		{CB62443E-69B5-43B3-9785-647CAA36D175}.Debug|x64.Build.0 = Debug|x64
		{CB62443E-69B5-43B3-9785-647CAA36D175}.Debug|x86.ActiveCfg = Debug|x86
		{CB62443E-69B5-43B3-9785-647CAA36D175}.Debug|x86.Build.0 = Debug|x86
		{CB62443E-69B5-43B3-9785-647CAA36D175}.Release|Any CPU.ActiveCfg = Release|Any CPU
		{CB62443E-69B5-43B3-9785-647CAA36D175}.Release|Any CPU.Build.0 = Release|Any CPU
		{CB62443E-69B5-43B3-9785-647CAA36D175}.Release|x64.ActiveCfg = Release|x64
		{CB62443E-69B5-43B3-9785-647CAA36D175}.Release|x64.Build.0 = Release|x64
		{CB62443E-69B5-43B3-9785-647CAA36D175}.Release|x86.ActiveCfg = Release|x86
		{CB62443E-69B5-43B3-9785-647CAA36D175}.Release|x86.Build.0 = Release|x86
		{E9D9E53D-40D5-4965-9770-FAADF73CEEEA}.Debug|Any CPU.ActiveCfg = Debug|Any CPU
		{E9D9E53D-40D5-4965-9770-FAADF73CEEEA}.Debug|Any CPU.Build.0 = Debug|Any CPU
		{E9D9E53D-40D5-4965-9770-FAADF73CEEEA}.Debug|x64.ActiveCfg = Debug|x64
		{E9D9E53D-40D5-4965-9770-FAADF73CEEEA}.Debug|x64.Build.0 = Debug|x64
		{E9D9E53D-40D5-4965-9770-FAADF73CEEEA}.Debug|x86.ActiveCfg = Debug|x86
		{E9D9E53D-40D5-4965-9770-FAADF73CEEEA}.Debug|x86.Build.0 = Debug|x86
		{E9D9E53D-40D5-4965-9770-FAADF73CEEEA}.Release|Any CPU.ActiveCfg = Release|Any CPU
		{E9D9E53D-40D5-4965-9770-FAADF73CEEEA}.Release|Any CPU.Build.0 = Release|Any CPU
		{E9D9E53D-40D5-4965-9770-FAADF73CEEEA}.Release|x64.ActiveCfg = Release|x64
		{E9D9E53D-40D5-4965-9770-FAADF73CEEEA}.Release|x64.Build.0 = Release|x64
		{E9D9E53D-40D5-4965-9770-FAADF73CEEEA}.Release|x86.ActiveCfg = Release|x86
		{E9D9E53D-40D5-4965-9770-FAADF73CEEEA}.Release|x86.Build.0 = Release|x86
		{9C155223-D1C5-4943-A4E6-02131544E5FD}.Debug|Any CPU.ActiveCfg = Debug|Any CPU
		{9C155223-D1C5-4943-A4E6-02131544E5FD}.Debug|Any CPU.Build.0 = Debug|Any CPU
		{9C155223-D1C5-4943-A4E6-02131544E5FD}.Debug|x64.ActiveCfg = Debug|x64
		{9C155223-D1C5-4943-A4E6-02131544E5FD}.Debug|x64.Build.0 = Debug|x64
		{9C155223-D1C5-4943-A4E6-02131544E5FD}.Debug|x86.ActiveCfg = Debug|x86
		{9C155223-D1C5-4943-A4E6-02131544E5FD}.Debug|x86.Build.0 = Debug|x86
		{9C155223-D1C5-4943-A4E6-02131544E5FD}.Release|Any CPU.ActiveCfg = Release|Any CPU
		{9C155223-D1C5-4943-A4E6-02131544E5FD}.Release|Any CPU.Build.0 = Release|Any CPU
		{9C155223-D1C5-4943-A4E6-02131544E5FD}.Release|x64.ActiveCfg = Release|x64
		{9C155223-D1C5-4943-A4E6-02131544E5FD}.Release|x64.Build.0 = Release|x64
		{9C155223-D1C5-4943-A4E6-02131544E5FD}.Release|x86.ActiveCfg = Release|x86
		{9C155223-D1C5-4943-A4E6-02131544E5FD}.Release|x86.Build.0 = Release|x86
		{72CBA5F8-494D-4EEB-803B-7D1802A91D4A}.Debug|Any CPU.ActiveCfg = Debug|Any CPU
		{72CBA5F8-494D-4EEB-803B-7D1802A91D4A}.Debug|Any CPU.Build.0 = Debug|Any CPU
		{72CBA5F8-494D-4EEB-803B-7D1802A91D4A}.Debug|x64.ActiveCfg = Debug|x64
		{72CBA5F8-494D-4EEB-803B-7D1802A91D4A}.Debug|x64.Build.0 = Debug|x64
		{72CBA5F8-494D-4EEB-803B-7D1802A91D4A}.Debug|x86.ActiveCfg = Debug|x86
		{72CBA5F8-494D-4EEB-803B-7D1802A91D4A}.Debug|x86.Build.0 = Debug|x86
		{72CBA5F8-494D-4EEB-803B-7D1802A91D4A}.Release|Any CPU.ActiveCfg = Release|Any CPU
		{72CBA5F8-494D-4EEB-803B-7D1802A91D4A}.Release|Any CPU.Build.0 = Release|Any CPU
		{72CBA5F8-494D-4EEB-803B-7D1802A91D4A}.Release|x64.ActiveCfg = Release|x64
		{72CBA5F8-494D-4EEB-803B-7D1802A91D4A}.Release|x64.Build.0 = Release|x64
		{72CBA5F8-494D-4EEB-803B-7D1802A91D4A}.Release|x86.ActiveCfg = Release|x86
		{72CBA5F8-494D-4EEB-803B-7D1802A91D4A}.Release|x86.Build.0 = Release|x86
		{2B1CD6EA-5B3B-44FE-A242-F06C1D6A41F9}.Debug|Any CPU.ActiveCfg = Debug|Any CPU
		{2B1CD6EA-5B3B-44FE-A242-F06C1D6A41F9}.Debug|Any CPU.Build.0 = Debug|Any CPU
		{2B1CD6EA-5B3B-44FE-A242-F06C1D6A41F9}.Debug|x64.ActiveCfg = Debug|x64
		{2B1CD6EA-5B3B-44FE-A242-F06C1D6A41F9}.Debug|x64.Build.0 = Debug|x64
		{2B1CD6EA-5B3B-44FE-A242-F06C1D6A41F9}.Debug|x86.ActiveCfg = Debug|x86
		{2B1CD6EA-5B3B-44FE-A242-F06C1D6A41F9}.Debug|x86.Build.0 = Debug|x86
		{2B1CD6EA-5B3B-44FE-A242-F06C1D6A41F9}.Release|Any CPU.ActiveCfg = Release|Any CPU
		{2B1CD6EA-5B3B-44FE-A242-F06C1D6A41F9}.Release|Any CPU.Build.0 = Release|Any CPU
		{2B1CD6EA-5B3B-44FE-A242-F06C1D6A41F9}.Release|x64.ActiveCfg = Release|x64
		{2B1CD6EA-5B3B-44FE-A242-F06C1D6A41F9}.Release|x64.Build.0 = Release|x64
		{2B1CD6EA-5B3B-44FE-A242-F06C1D6A41F9}.Release|x86.ActiveCfg = Release|x86
		{2B1CD6EA-5B3B-44FE-A242-F06C1D6A41F9}.Release|x86.Build.0 = Release|x86
		{7AD77F60-D0F1-4241-A67D-0733EF4A5DEE}.Debug|Any CPU.ActiveCfg = Debug|Any CPU
		{7AD77F60-D0F1-4241-A67D-0733EF4A5DEE}.Debug|Any CPU.Build.0 = Debug|Any CPU
		{7AD77F60-D0F1-4241-A67D-0733EF4A5DEE}.Debug|x64.ActiveCfg = Debug|x64
		{7AD77F60-D0F1-4241-A67D-0733EF4A5DEE}.Debug|x64.Build.0 = Debug|x64
		{7AD77F60-D0F1-4241-A67D-0733EF4A5DEE}.Debug|x86.ActiveCfg = Debug|x86
		{7AD77F60-D0F1-4241-A67D-0733EF4A5DEE}.Debug|x86.Build.0 = Debug|x86
		{7AD77F60-D0F1-4241-A67D-0733EF4A5DEE}.Release|Any CPU.ActiveCfg = Release|Any CPU
		{7AD77F60-D0F1-4241-A67D-0733EF4A5DEE}.Release|Any CPU.Build.0 = Release|Any CPU
		{7AD77F60-D0F1-4241-A67D-0733EF4A5DEE}.Release|x64.ActiveCfg = Release|x64
		{7AD77F60-D0F1-4241-A67D-0733EF4A5DEE}.Release|x64.Build.0 = Release|x64
		{7AD77F60-D0F1-4241-A67D-0733EF4A5DEE}.Release|x86.ActiveCfg = Release|x86
		{7AD77F60-D0F1-4241-A67D-0733EF4A5DEE}.Release|x86.Build.0 = Release|x86
		{1D813DFE-338B-4C36-AAB0-98D7C6A949CC}.Debug|Any CPU.ActiveCfg = Debug|Any CPU
		{1D813DFE-338B-4C36-AAB0-98D7C6A949CC}.Debug|x64.ActiveCfg = Debug|Any CPU
		{1D813DFE-338B-4C36-AAB0-98D7C6A949CC}.Debug|x86.ActiveCfg = Debug|Any CPU
		{1D813DFE-338B-4C36-AAB0-98D7C6A949CC}.Release|Any CPU.ActiveCfg = Release|Any CPU
		{1D813DFE-338B-4C36-AAB0-98D7C6A949CC}.Release|x64.ActiveCfg = Release|Any CPU
		{1D813DFE-338B-4C36-AAB0-98D7C6A949CC}.Release|x86.ActiveCfg = Release|Any CPU
		{154C60CF-2DAE-4227-AD2C-CCE7C63CDE5A}.Debug|Any CPU.ActiveCfg = Debug|Any CPU
		{154C60CF-2DAE-4227-AD2C-CCE7C63CDE5A}.Debug|Any CPU.Build.0 = Debug|Any CPU
		{154C60CF-2DAE-4227-AD2C-CCE7C63CDE5A}.Debug|x64.ActiveCfg = Debug|x64
		{154C60CF-2DAE-4227-AD2C-CCE7C63CDE5A}.Debug|x64.Build.0 = Debug|x64
		{154C60CF-2DAE-4227-AD2C-CCE7C63CDE5A}.Debug|x86.ActiveCfg = Debug|x86
		{154C60CF-2DAE-4227-AD2C-CCE7C63CDE5A}.Debug|x86.Build.0 = Debug|x86
		{154C60CF-2DAE-4227-AD2C-CCE7C63CDE5A}.Release|Any CPU.ActiveCfg = Release|Any CPU
		{154C60CF-2DAE-4227-AD2C-CCE7C63CDE5A}.Release|Any CPU.Build.0 = Release|Any CPU
		{154C60CF-2DAE-4227-AD2C-CCE7C63CDE5A}.Release|x64.ActiveCfg = Release|x64
		{154C60CF-2DAE-4227-AD2C-CCE7C63CDE5A}.Release|x64.Build.0 = Release|x64
		{154C60CF-2DAE-4227-AD2C-CCE7C63CDE5A}.Release|x86.ActiveCfg = Release|x86
		{154C60CF-2DAE-4227-AD2C-CCE7C63CDE5A}.Release|x86.Build.0 = Release|x86
		{8D30D1F5-1925-4926-83F2-F0B21B45646F}.Debug|Any CPU.ActiveCfg = Debug|Win32
		{8D30D1F5-1925-4926-83F2-F0B21B45646F}.Debug|Any CPU.Build.0 = Debug|Win32
		{8D30D1F5-1925-4926-83F2-F0B21B45646F}.Debug|x64.ActiveCfg = Debug|x64
		{8D30D1F5-1925-4926-83F2-F0B21B45646F}.Debug|x64.Build.0 = Debug|x64
		{8D30D1F5-1925-4926-83F2-F0B21B45646F}.Debug|x86.ActiveCfg = Debug|Win32
		{8D30D1F5-1925-4926-83F2-F0B21B45646F}.Debug|x86.Build.0 = Debug|Win32
		{8D30D1F5-1925-4926-83F2-F0B21B45646F}.Release|Any CPU.ActiveCfg = Release|Win32
		{8D30D1F5-1925-4926-83F2-F0B21B45646F}.Release|Any CPU.Build.0 = Release|Win32
		{8D30D1F5-1925-4926-83F2-F0B21B45646F}.Release|x64.ActiveCfg = Release|x64
		{8D30D1F5-1925-4926-83F2-F0B21B45646F}.Release|x64.Build.0 = Release|x64
		{8D30D1F5-1925-4926-83F2-F0B21B45646F}.Release|x86.ActiveCfg = Release|Win32
		{8D30D1F5-1925-4926-83F2-F0B21B45646F}.Release|x86.Build.0 = Release|Win32
		{35DC3E20-FF8D-42B4-991A-85296A243FA1}.Debug|Any CPU.ActiveCfg = Debug|Any CPU
		{35DC3E20-FF8D-42B4-991A-85296A243FA1}.Debug|Any CPU.Build.0 = Debug|Any CPU
		{35DC3E20-FF8D-42B4-991A-85296A243FA1}.Debug|x64.ActiveCfg = Debug|x64
		{35DC3E20-FF8D-42B4-991A-85296A243FA1}.Debug|x64.Build.0 = Debug|x64
		{35DC3E20-FF8D-42B4-991A-85296A243FA1}.Debug|x86.ActiveCfg = Debug|x86
		{35DC3E20-FF8D-42B4-991A-85296A243FA1}.Debug|x86.Build.0 = Debug|x86
		{35DC3E20-FF8D-42B4-991A-85296A243FA1}.Release|Any CPU.ActiveCfg = Release|Any CPU
		{35DC3E20-FF8D-42B4-991A-85296A243FA1}.Release|Any CPU.Build.0 = Release|Any CPU
		{35DC3E20-FF8D-42B4-991A-85296A243FA1}.Release|x64.ActiveCfg = Release|x64
		{35DC3E20-FF8D-42B4-991A-85296A243FA1}.Release|x64.Build.0 = Release|x64
		{35DC3E20-FF8D-42B4-991A-85296A243FA1}.Release|x86.ActiveCfg = Release|x86
		{35DC3E20-FF8D-42B4-991A-85296A243FA1}.Release|x86.Build.0 = Release|x86
	EndGlobalSection
	GlobalSection(SolutionProperties) = preSolution
		HideSolutionNode = FALSE
	EndGlobalSection
	GlobalSection(NestedProjects) = preSolution
		{8B2B3BD6-C90C-40FA-8655-CFE1CC12CBD3} = {56B57E6A-FD0A-4479-B8D9-149BBD6F9C73}
		{6961D299-1D2B-435E-8222-A82FF8EECA1C} = {56B57E6A-FD0A-4479-B8D9-149BBD6F9C73}
		{CB62443E-69B5-43B3-9785-647CAA36D175} = {56B57E6A-FD0A-4479-B8D9-149BBD6F9C73}
		{E9D9E53D-40D5-4965-9770-FAADF73CEEEA} = {56B57E6A-FD0A-4479-B8D9-149BBD6F9C73}
		{9C155223-D1C5-4943-A4E6-02131544E5FD} = {56B57E6A-FD0A-4479-B8D9-149BBD6F9C73}
		{72CBA5F8-494D-4EEB-803B-7D1802A91D4A} = {56B57E6A-FD0A-4479-B8D9-149BBD6F9C73}
		{2B1CD6EA-5B3B-44FE-A242-F06C1D6A41F9} = {56B57E6A-FD0A-4479-B8D9-149BBD6F9C73}
		{7AD77F60-D0F1-4241-A67D-0733EF4A5DEE} = {56B57E6A-FD0A-4479-B8D9-149BBD6F9C73}
		{1D813DFE-338B-4C36-AAB0-98D7C6A949CC} = {DABC64E2-6F5D-4E43-AF76-2B177C5E2353}
		{89A24E88-861C-4ED0-AD54-F46BFAD29891} = {DABC64E2-6F5D-4E43-AF76-2B177C5E2353}
		{35DC3E20-FF8D-42B4-991A-85296A243FA1} = {F16C4DCE-5A69-45D5-8C04-4DCFA76CD643}
	EndGlobalSection
	GlobalSection(ExtensibilityGlobals) = postSolution
		SolutionGuid = {F89DDEBD-4CC1-4C55-811B-096227CFE66C}
	EndGlobalSection
EndGlobal
